// !$*UTF8*$!
{
	archiveVersion = 1;
	classes = {
	};
	objectVersion = 50;
	objects = {

/* Begin PBXAggregateTarget section */
		18E64F0F21D7340100976E7B /* CombineFramework */ = {
			isa = PBXAggregateTarget;
			buildConfigurationList = 18E64F1021D7340200976E7B /* Build configuration list for PBXAggregateTarget "CombineFramework" */;
			buildPhases = (
				18E64F1321D7340800976E7B /* ShellScript */,
			);
			dependencies = (
			);
			name = CombineFramework;
			productName = CombineFramework;
		};
/* End PBXAggregateTarget section */

/* Begin PBXBuildFile section */
		189930E421FF1A16004FBCAB /* ONTIdImportViewController.m in Sources */ = {isa = PBXBuildFile; fileRef = 189930D421FF1A15004FBCAB /* ONTIdImportViewController.m */; };
		189930E521FF1A16004FBCAB /* ONTOBaseViewController.m in Sources */ = {isa = PBXBuildFile; fileRef = 189930D521FF1A15004FBCAB /* ONTOBaseViewController.m */; };
		189930E621FF1A16004FBCAB /* ONTOSDKViewController.m in Sources */ = {isa = PBXBuildFile; fileRef = 189930D621FF1A15004FBCAB /* ONTOSDKViewController.m */; };
		189930E721FF1A16004FBCAB /* ONTOSDKViewController.h in Headers */ = {isa = PBXBuildFile; fileRef = 189930D721FF1A15004FBCAB /* ONTOSDKViewController.h */; settings = {ATTRIBUTES = (Public, ); }; };
		189930E821FF1A16004FBCAB /* ONTIdPreViewController.m in Sources */ = {isa = PBXBuildFile; fileRef = 189930D821FF1A15004FBCAB /* ONTIdPreViewController.m */; };
		189930E921FF1A16004FBCAB /* ONTIdExportViewController.m in Sources */ = {isa = PBXBuildFile; fileRef = 189930D921FF1A15004FBCAB /* ONTIdExportViewController.m */; };
		189930EA21FF1A16004FBCAB /* ONTIdViewController.h in Headers */ = {isa = PBXBuildFile; fileRef = 189930DA21FF1A15004FBCAB /* ONTIdViewController.h */; };
		189930EB21FF1A16004FBCAB /* ONTOAuthSDKViewController.h in Headers */ = {isa = PBXBuildFile; fileRef = 189930DB21FF1A15004FBCAB /* ONTOAuthSDKViewController.h */; settings = {ATTRIBUTES = (Public, ); }; };
		189930EC21FF1A16004FBCAB /* ONTOWebViewController.h in Headers */ = {isa = PBXBuildFile; fileRef = 189930DC21FF1A16004FBCAB /* ONTOWebViewController.h */; };
		189930ED21FF1A16004FBCAB /* ONTIdImportViewController.h in Headers */ = {isa = PBXBuildFile; fileRef = 189930DD21FF1A16004FBCAB /* ONTIdImportViewController.h */; };
		189930EE21FF1A16004FBCAB /* ONTIdViewController.m in Sources */ = {isa = PBXBuildFile; fileRef = 189930DE21FF1A16004FBCAB /* ONTIdViewController.m */; };
		189930EF21FF1A16004FBCAB /* ONTIdExportViewController.h in Headers */ = {isa = PBXBuildFile; fileRef = 189930DF21FF1A16004FBCAB /* ONTIdExportViewController.h */; };
		189930F021FF1A16004FBCAB /* ONTOWebViewController.m in Sources */ = {isa = PBXBuildFile; fileRef = 189930E021FF1A16004FBCAB /* ONTOWebViewController.m */; };
		189930F121FF1A16004FBCAB /* ONTIdPreViewController.h in Headers */ = {isa = PBXBuildFile; fileRef = 189930E121FF1A16004FBCAB /* ONTIdPreViewController.h */; settings = {ATTRIBUTES = (Public, ); }; };
		189930F221FF1A16004FBCAB /* ONTOBaseViewController.h in Headers */ = {isa = PBXBuildFile; fileRef = 189930E221FF1A16004FBCAB /* ONTOBaseViewController.h */; settings = {ATTRIBUTES = (Public, ); }; };
		189930F321FF1A16004FBCAB /* ONTOAuthSDKViewController.m in Sources */ = {isa = PBXBuildFile; fileRef = 189930E321FF1A16004FBCAB /* ONTOAuthSDKViewController.m */; };
		189930F521FF1A26004FBCAB /* cyano.bundle in Resources */ = {isa = PBXBuildFile; fileRef = 189930F421FF1A26004FBCAB /* cyano.bundle */; };
		189930F721FF1A30004FBCAB /* js in Resources */ = {isa = PBXBuildFile; fileRef = 189930F621FF1A30004FBCAB /* js */; };
		1899311121FF1A3D004FBCAB /* Common.m in Sources */ = {isa = PBXBuildFile; fileRef = 189930F921FF1A3D004FBCAB /* Common.m */; };
		1899311221FF1A3D004FBCAB /* LKLPayCodeTextField.m in Sources */ = {isa = PBXBuildFile; fileRef = 189930FA21FF1A3D004FBCAB /* LKLPayCodeTextField.m */; };
		1899311321FF1A3D004FBCAB /* PasswordSheet.h in Headers */ = {isa = PBXBuildFile; fileRef = 189930FB21FF1A3D004FBCAB /* PasswordSheet.h */; };
		1899311421FF1A3D004FBCAB /* BrowserView.m in Sources */ = {isa = PBXBuildFile; fileRef = 189930FC21FF1A3D004FBCAB /* BrowserView.m */; };
		1899311521FF1A3D004FBCAB /* UILabel+changeSpace.m in Sources */ = {isa = PBXBuildFile; fileRef = 189930FD21FF1A3D004FBCAB /* UILabel+changeSpace.m */; };
		1899311621FF1A3D004FBCAB /* ONTIdWebView.h in Headers */ = {isa = PBXBuildFile; fileRef = 189930FE21FF1A3D004FBCAB /* ONTIdWebView.h */; };
		1899311721FF1A3D004FBCAB /* LKLPayCodeCollectionViewCell.m in Sources */ = {isa = PBXBuildFile; fileRef = 189930FF21FF1A3D004FBCAB /* LKLPayCodeCollectionViewCell.m */; };
		1899311821FF1A3D004FBCAB /* NSString+Blank.m in Sources */ = {isa = PBXBuildFile; fileRef = 1899310021FF1A3D004FBCAB /* NSString+Blank.m */; };
		1899311921FF1A3D004FBCAB /* LKLForbidPasteTextField.m in Sources */ = {isa = PBXBuildFile; fileRef = 1899310121FF1A3D004FBCAB /* LKLForbidPasteTextField.m */; };
		1899311A21FF1A3D004FBCAB /* UITextView+Placeholder.m in Sources */ = {isa = PBXBuildFile; fileRef = 1899310321FF1A3D004FBCAB /* UITextView+Placeholder.m */; };
		1899311B21FF1A3D004FBCAB /* UITextView+Placeholder.h in Headers */ = {isa = PBXBuildFile; fileRef = 1899310421FF1A3D004FBCAB /* UITextView+Placeholder.h */; };
		1899311C21FF1A3D004FBCAB /* PasswordSheet.m in Sources */ = {isa = PBXBuildFile; fileRef = 1899310521FF1A3D004FBCAB /* PasswordSheet.m */; };
		1899311D21FF1A3D004FBCAB /* LKLPayCodeTextField.h in Headers */ = {isa = PBXBuildFile; fileRef = 1899310621FF1A3D004FBCAB /* LKLPayCodeTextField.h */; };
		1899311E21FF1A3D004FBCAB /* Common.h in Headers */ = {isa = PBXBuildFile; fileRef = 1899310721FF1A3D004FBCAB /* Common.h */; settings = {ATTRIBUTES = (Public, ); }; };
		1899311F21FF1A3D004FBCAB /* ToastUtil.h in Headers */ = {isa = PBXBuildFile; fileRef = 1899310921FF1A3D004FBCAB /* ToastUtil.h */; };
		1899312021FF1A3D004FBCAB /* ToastUtil.m in Sources */ = {isa = PBXBuildFile; fileRef = 1899310A21FF1A3D004FBCAB /* ToastUtil.m */; };
		1899312121FF1A3D004FBCAB /* LKLPayCodeCollectionViewCell.h in Headers */ = {isa = PBXBuildFile; fileRef = 1899310B21FF1A3D004FBCAB /* LKLPayCodeCollectionViewCell.h */; };
		1899312221FF1A3D004FBCAB /* ONTIdWebView.m in Sources */ = {isa = PBXBuildFile; fileRef = 1899310C21FF1A3D004FBCAB /* ONTIdWebView.m */; };
		1899312321FF1A3D004FBCAB /* UILabel+changeSpace.h in Headers */ = {isa = PBXBuildFile; fileRef = 1899310D21FF1A3D004FBCAB /* UILabel+changeSpace.h */; };
		1899312421FF1A3D004FBCAB /* BrowserView.h in Headers */ = {isa = PBXBuildFile; fileRef = 1899310E21FF1A3D004FBCAB /* BrowserView.h */; };
		1899312521FF1A3D004FBCAB /* NSString+Blank.h in Headers */ = {isa = PBXBuildFile; fileRef = 1899310F21FF1A3D004FBCAB /* NSString+Blank.h */; };
		1899312621FF1A3D004FBCAB /* LKLForbidPasteTextField.h in Headers */ = {isa = PBXBuildFile; fileRef = 1899311021FF1A3D004FBCAB /* LKLForbidPasteTextField.h */; };
		1899315721FF1A51004FBCAB /* EasyLoadingGlobalConfig.h in Headers */ = {isa = PBXBuildFile; fileRef = 1899312821FF1A51004FBCAB /* EasyLoadingGlobalConfig.h */; };
		1899315821FF1A51004FBCAB /* EasyLoadingTypes.m in Sources */ = {isa = PBXBuildFile; fileRef = 1899312921FF1A51004FBCAB /* EasyLoadingTypes.m */; };
		1899315921FF1A51004FBCAB /* UIView+EasyShowExt.h in Headers */ = {isa = PBXBuildFile; fileRef = 1899312A21FF1A51004FBCAB /* UIView+EasyShowExt.h */; };
		1899315A21FF1A51004FBCAB /* EasyEmptyPart.h in Headers */ = {isa = PBXBuildFile; fileRef = 1899312B21FF1A51004FBCAB /* EasyEmptyPart.h */; };
		1899315B21FF1A51004FBCAB /* EasyTextConfig.m in Sources */ = {isa = PBXBuildFile; fileRef = 1899312C21FF1A51004FBCAB /* EasyTextConfig.m */; };
		1899315C21FF1A51004FBCAB /* EasyAlertTypes.m in Sources */ = {isa = PBXBuildFile; fileRef = 1899312D21FF1A51004FBCAB /* EasyAlertTypes.m */; };
		1899315D21FF1A51004FBCAB /* EasyTextView.m in Sources */ = {isa = PBXBuildFile; fileRef = 1899312E21FF1A51004FBCAB /* EasyTextView.m */; };
		1899315E21FF1A51004FBCAB /* EasyAlertConfig.h in Headers */ = {isa = PBXBuildFile; fileRef = 1899312F21FF1A51004FBCAB /* EasyAlertConfig.h */; };
		1899315F21FF1A51004FBCAB /* EasyEmptyConfig.m in Sources */ = {isa = PBXBuildFile; fileRef = 1899313021FF1A51004FBCAB /* EasyEmptyConfig.m */; };
		1899316021FF1A51004FBCAB /* EasyEmptyView.m in Sources */ = {isa = PBXBuildFile; fileRef = 1899313121FF1A51004FBCAB /* EasyEmptyView.m */; };
		1899316121FF1A51004FBCAB /* EasyTextTypes.h in Headers */ = {isa = PBXBuildFile; fileRef = 1899313221FF1A51004FBCAB /* EasyTextTypes.h */; };
		1899316221FF1A51004FBCAB /* EasyTextBgView.h in Headers */ = {isa = PBXBuildFile; fileRef = 1899313321FF1A51004FBCAB /* EasyTextBgView.h */; };
		1899316321FF1A51004FBCAB /* EasyShowUtils.m in Sources */ = {isa = PBXBuildFile; fileRef = 1899313421FF1A51004FBCAB /* EasyShowUtils.m */; };
		1899316421FF1A51004FBCAB /* EasyAlertPart.h in Headers */ = {isa = PBXBuildFile; fileRef = 1899313521FF1A51004FBCAB /* EasyAlertPart.h */; };
		1899316521FF1A51004FBCAB /* EasyEmptyTypes.h in Headers */ = {isa = PBXBuildFile; fileRef = 1899313621FF1A51004FBCAB /* EasyEmptyTypes.h */; };
		1899316621FF1A51004FBCAB /* EasyAlertGlobalConfig.h in Headers */ = {isa = PBXBuildFile; fileRef = 1899313721FF1A51004FBCAB /* EasyAlertGlobalConfig.h */; };
		1899316721FF1A51004FBCAB /* EasyShowLabel.m in Sources */ = {isa = PBXBuildFile; fileRef = 1899313821FF1A51004FBCAB /* EasyShowLabel.m */; };
		1899316821FF1A51004FBCAB /* EasyEmptyGlobalConfig.h in Headers */ = {isa = PBXBuildFile; fileRef = 1899313921FF1A51004FBCAB /* EasyEmptyGlobalConfig.h */; };
		1899316921FF1A51004FBCAB /* EasyLoadingConfig.m in Sources */ = {isa = PBXBuildFile; fileRef = 1899313A21FF1A51004FBCAB /* EasyLoadingConfig.m */; };
		1899316A21FF1A51004FBCAB /* EasyAlertItem.m in Sources */ = {isa = PBXBuildFile; fileRef = 1899313B21FF1A51004FBCAB /* EasyAlertItem.m */; };
		1899316B21FF1A51004FBCAB /* EasyAlertView.m in Sources */ = {isa = PBXBuildFile; fileRef = 1899313C21FF1A51004FBCAB /* EasyAlertView.m */; };
		1899316C21FF1A51004FBCAB /* EasyTextGlobalConfig.m in Sources */ = {isa = PBXBuildFile; fileRef = 1899313D21FF1A51004FBCAB /* EasyTextGlobalConfig.m */; };
		1899316D21FF1A51004FBCAB /* EasyLoadingView.m in Sources */ = {isa = PBXBuildFile; fileRef = 1899313E21FF1A51004FBCAB /* EasyLoadingView.m */; };
		1899316E21FF1A51004FBCAB /* EasyAlertTypes.h in Headers */ = {isa = PBXBuildFile; fileRef = 1899313F21FF1A51004FBCAB /* EasyAlertTypes.h */; };
		1899316F21FF1A51004FBCAB /* EasyTextConfig.h in Headers */ = {isa = PBXBuildFile; fileRef = 1899314021FF1A51004FBCAB /* EasyTextConfig.h */; };
		1899317021FF1A51004FBCAB /* EasyEmptyPart.m in Sources */ = {isa = PBXBuildFile; fileRef = 1899314121FF1A51004FBCAB /* EasyEmptyPart.m */; };
		1899317121FF1A51004FBCAB /* UIView+EasyShowExt.m in Sources */ = {isa = PBXBuildFile; fileRef = 1899314221FF1A51004FBCAB /* UIView+EasyShowExt.m */; };
		1899317221FF1A51004FBCAB /* EasyLoadingTypes.h in Headers */ = {isa = PBXBuildFile; fileRef = 1899314321FF1A51004FBCAB /* EasyLoadingTypes.h */; };
		1899317321FF1A51004FBCAB /* EasyLoadingGlobalConfig.m in Sources */ = {isa = PBXBuildFile; fileRef = 1899314421FF1A51004FBCAB /* EasyLoadingGlobalConfig.m */; };
		1899317421FF1A51004FBCAB /* EasyTextBgView.m in Sources */ = {isa = PBXBuildFile; fileRef = 1899314521FF1A51004FBCAB /* EasyTextBgView.m */; };
		1899317521FF1A51004FBCAB /* EasyTextTypes.m in Sources */ = {isa = PBXBuildFile; fileRef = 1899314621FF1A51004FBCAB /* EasyTextTypes.m */; };
		1899317621FF1A51004FBCAB /* EasyEmptyView.h in Headers */ = {isa = PBXBuildFile; fileRef = 1899314721FF1A51004FBCAB /* EasyEmptyView.h */; };
		1899317721FF1A51004FBCAB /* EasyAlertConfig.m in Sources */ = {isa = PBXBuildFile; fileRef = 1899314821FF1A51004FBCAB /* EasyAlertConfig.m */; };
		1899317821FF1A51004FBCAB /* EasyEmptyConfig.h in Headers */ = {isa = PBXBuildFile; fileRef = 1899314921FF1A51004FBCAB /* EasyEmptyConfig.h */; };
		1899317921FF1A51004FBCAB /* EasyTextView.h in Headers */ = {isa = PBXBuildFile; fileRef = 1899314A21FF1A51004FBCAB /* EasyTextView.h */; };
		1899317A21FF1A51004FBCAB /* EasyAlertItem.h in Headers */ = {isa = PBXBuildFile; fileRef = 1899314B21FF1A51004FBCAB /* EasyAlertItem.h */; };
		1899317B21FF1A51004FBCAB /* EasyLoadingConfig.h in Headers */ = {isa = PBXBuildFile; fileRef = 1899314C21FF1A51004FBCAB /* EasyLoadingConfig.h */; };
		1899317C21FF1A51004FBCAB /* EasyEmptyGlobalConfig.m in Sources */ = {isa = PBXBuildFile; fileRef = 1899314D21FF1A51004FBCAB /* EasyEmptyGlobalConfig.m */; };
		1899317D21FF1A51004FBCAB /* EasyShowLabel.h in Headers */ = {isa = PBXBuildFile; fileRef = 1899314E21FF1A51004FBCAB /* EasyShowLabel.h */; };
		1899317E21FF1A51004FBCAB /* EasyAlertGlobalConfig.m in Sources */ = {isa = PBXBuildFile; fileRef = 1899314F21FF1A51004FBCAB /* EasyAlertGlobalConfig.m */; };
		1899317F21FF1A51004FBCAB /* EasyEmptyTypes.m in Sources */ = {isa = PBXBuildFile; fileRef = 1899315021FF1A51004FBCAB /* EasyEmptyTypes.m */; };
		1899318021FF1A51004FBCAB /* EasyShowUtils.h in Headers */ = {isa = PBXBuildFile; fileRef = 1899315121FF1A51004FBCAB /* EasyShowUtils.h */; };
		1899318121FF1A51004FBCAB /* EasyAlertPart.m in Sources */ = {isa = PBXBuildFile; fileRef = 1899315221FF1A51004FBCAB /* EasyAlertPart.m */; };
		1899318221FF1A51004FBCAB /* EasyShowView.h in Headers */ = {isa = PBXBuildFile; fileRef = 1899315321FF1A51004FBCAB /* EasyShowView.h */; };
		1899318321FF1A51004FBCAB /* EasyLoadingView.h in Headers */ = {isa = PBXBuildFile; fileRef = 1899315421FF1A51004FBCAB /* EasyLoadingView.h */; };
		1899318421FF1A51004FBCAB /* EasyTextGlobalConfig.h in Headers */ = {isa = PBXBuildFile; fileRef = 1899315521FF1A51004FBCAB /* EasyTextGlobalConfig.h */; };
		1899318521FF1A51004FBCAB /* EasyAlertView.h in Headers */ = {isa = PBXBuildFile; fileRef = 1899315621FF1A51004FBCAB /* EasyAlertView.h */; };
		189931C721FF1AA7004FBCAB /* MASCompositeConstraint.h in Headers */ = {isa = PBXBuildFile; fileRef = 1899318821FF1AA7004FBCAB /* MASCompositeConstraint.h */; };
		189931C821FF1AA7004FBCAB /* NSLayoutConstraint+MASDebugAdditions.m in Sources */ = {isa = PBXBuildFile; fileRef = 1899318921FF1AA7004FBCAB /* NSLayoutConstraint+MASDebugAdditions.m */; };
		189931C921FF1AA7004FBCAB /* MASConstraint+Private.h in Headers */ = {isa = PBXBuildFile; fileRef = 1899318A21FF1AA7004FBCAB /* MASConstraint+Private.h */; };
		189931CA21FF1AA7004FBCAB /* MASLayoutConstraint.h in Headers */ = {isa = PBXBuildFile; fileRef = 1899318B21FF1AA7004FBCAB /* MASLayoutConstraint.h */; };
		189931CB21FF1AA7004FBCAB /* NSArray+MASShorthandAdditions.h in Headers */ = {isa = PBXBuildFile; fileRef = 1899318C21FF1AA7004FBCAB /* NSArray+MASShorthandAdditions.h */; };
		189931CC21FF1AA7004FBCAB /* MASConstraintMaker.h in Headers */ = {isa = PBXBuildFile; fileRef = 1899318D21FF1AA7004FBCAB /* MASConstraintMaker.h */; };
		189931CD21FF1AA7004FBCAB /* View+MASAdditions.h in Headers */ = {isa = PBXBuildFile; fileRef = 1899318E21FF1AA7004FBCAB /* View+MASAdditions.h */; };
		189931CE21FF1AA7004FBCAB /* NSArray+MASAdditions.h in Headers */ = {isa = PBXBuildFile; fileRef = 1899318F21FF1AA7004FBCAB /* NSArray+MASAdditions.h */; };
		189931CF21FF1AA7004FBCAB /* MASUtilities.h in Headers */ = {isa = PBXBuildFile; fileRef = 1899319021FF1AA7004FBCAB /* MASUtilities.h */; };
		189931D021FF1AA7004FBCAB /* MASViewAttribute.h in Headers */ = {isa = PBXBuildFile; fileRef = 1899319121FF1AA7004FBCAB /* MASViewAttribute.h */; };
		189931D121FF1AA7004FBCAB /* ViewController+MASAdditions.m in Sources */ = {isa = PBXBuildFile; fileRef = 1899319221FF1AA7004FBCAB /* ViewController+MASAdditions.m */; };
		189931D221FF1AA7004FBCAB /* MASViewConstraint.h in Headers */ = {isa = PBXBuildFile; fileRef = 1899319321FF1AA7004FBCAB /* MASViewConstraint.h */; };
		189931D321FF1AA7004FBCAB /* MASConstraint.h in Headers */ = {isa = PBXBuildFile; fileRef = 1899319421FF1AA7004FBCAB /* MASConstraint.h */; };
		189931D421FF1AA7004FBCAB /* NSLayoutConstraint+MASDebugAdditions.h in Headers */ = {isa = PBXBuildFile; fileRef = 1899319521FF1AA7004FBCAB /* NSLayoutConstraint+MASDebugAdditions.h */; };
		189931D521FF1AA7004FBCAB /* MASCompositeConstraint.m in Sources */ = {isa = PBXBuildFile; fileRef = 1899319621FF1AA7004FBCAB /* MASCompositeConstraint.m */; };
		189931D621FF1AA7004FBCAB /* MASConstraintMaker.m in Sources */ = {isa = PBXBuildFile; fileRef = 1899319721FF1AA7004FBCAB /* MASConstraintMaker.m */; };
		189931D721FF1AA7004FBCAB /* MASLayoutConstraint.m in Sources */ = {isa = PBXBuildFile; fileRef = 1899319821FF1AA7004FBCAB /* MASLayoutConstraint.m */; };
		189931D821FF1AA7004FBCAB /* NSArray+MASAdditions.m in Sources */ = {isa = PBXBuildFile; fileRef = 1899319921FF1AA7004FBCAB /* NSArray+MASAdditions.m */; };
		189931D921FF1AA7004FBCAB /* View+MASAdditions.m in Sources */ = {isa = PBXBuildFile; fileRef = 1899319A21FF1AA7004FBCAB /* View+MASAdditions.m */; };
		189931DA21FF1AA7004FBCAB /* View+MASShorthandAdditions.h in Headers */ = {isa = PBXBuildFile; fileRef = 1899319B21FF1AA7004FBCAB /* View+MASShorthandAdditions.h */; };
		189931DB21FF1AA7004FBCAB /* Masonry.h in Headers */ = {isa = PBXBuildFile; fileRef = 1899319C21FF1AA7004FBCAB /* Masonry.h */; };
		189931DC21FF1AA7004FBCAB /* MASConstraint.m in Sources */ = {isa = PBXBuildFile; fileRef = 1899319D21FF1AA7004FBCAB /* MASConstraint.m */; };
		189931DD21FF1AA7004FBCAB /* ViewController+MASAdditions.h in Headers */ = {isa = PBXBuildFile; fileRef = 1899319E21FF1AA7004FBCAB /* ViewController+MASAdditions.h */; };
		189931DE21FF1AA7004FBCAB /* MASViewConstraint.m in Sources */ = {isa = PBXBuildFile; fileRef = 1899319F21FF1AA7004FBCAB /* MASViewConstraint.m */; };
		189931DF21FF1AA7004FBCAB /* MASViewAttribute.m in Sources */ = {isa = PBXBuildFile; fileRef = 189931A021FF1AA7004FBCAB /* MASViewAttribute.m */; };
		189931E021FF1AA7004FBCAB /* IQTextView.m in Sources */ = {isa = PBXBuildFile; fileRef = 189931A321FF1AA7004FBCAB /* IQTextView.m */; };
		189931E121FF1AA7004FBCAB /* IQTextView.h in Headers */ = {isa = PBXBuildFile; fileRef = 189931A421FF1AA7004FBCAB /* IQTextView.h */; };
		189931E221FF1AA7004FBCAB /* IQUIView+IQKeyboardToolbar.h in Headers */ = {isa = PBXBuildFile; fileRef = 189931A621FF1AA7004FBCAB /* IQUIView+IQKeyboardToolbar.h */; };
		189931E321FF1AA7004FBCAB /* IQToolbar.m in Sources */ = {isa = PBXBuildFile; fileRef = 189931A721FF1AA7004FBCAB /* IQToolbar.m */; };
		189931E421FF1AA7004FBCAB /* IQPreviousNextView.h in Headers */ = {isa = PBXBuildFile; fileRef = 189931A821FF1AA7004FBCAB /* IQPreviousNextView.h */; };
		189931E521FF1AA7004FBCAB /* IQTitleBarButtonItem.m in Sources */ = {isa = PBXBuildFile; fileRef = 189931A921FF1AA7004FBCAB /* IQTitleBarButtonItem.m */; };
		189931E621FF1AA7004FBCAB /* IQBarButtonItem.m in Sources */ = {isa = PBXBuildFile; fileRef = 189931AA21FF1AA7004FBCAB /* IQBarButtonItem.m */; };
		189931E721FF1AA7004FBCAB /* IQUIView+IQKeyboardToolbar.m in Sources */ = {isa = PBXBuildFile; fileRef = 189931AB21FF1AA7004FBCAB /* IQUIView+IQKeyboardToolbar.m */; };
		189931E821FF1AA7004FBCAB /* IQPreviousNextView.m in Sources */ = {isa = PBXBuildFile; fileRef = 189931AC21FF1AA7004FBCAB /* IQPreviousNextView.m */; };
		189931E921FF1AA7004FBCAB /* IQToolbar.h in Headers */ = {isa = PBXBuildFile; fileRef = 189931AD21FF1AA7004FBCAB /* IQToolbar.h */; };
		189931EA21FF1AA7004FBCAB /* IQBarButtonItem.h in Headers */ = {isa = PBXBuildFile; fileRef = 189931AE21FF1AA7004FBCAB /* IQBarButtonItem.h */; };
		189931EB21FF1AA7004FBCAB /* IQTitleBarButtonItem.h in Headers */ = {isa = PBXBuildFile; fileRef = 189931AF21FF1AA7004FBCAB /* IQTitleBarButtonItem.h */; };
		189931EC21FF1AA7004FBCAB /* IQKeyboardManagerConstantsInternal.h in Headers */ = {isa = PBXBuildFile; fileRef = 189931B121FF1AA7004FBCAB /* IQKeyboardManagerConstantsInternal.h */; };
		189931ED21FF1AA7004FBCAB /* IQKeyboardManagerConstants.h in Headers */ = {isa = PBXBuildFile; fileRef = 189931B221FF1AA7004FBCAB /* IQKeyboardManagerConstants.h */; };
		189931EE21FF1AA7004FBCAB /* IQKeyboardManager.bundle in Resources */ = {isa = PBXBuildFile; fileRef = 189931B421FF1AA7004FBCAB /* IQKeyboardManager.bundle */; };
		189931EF21FF1AA7004FBCAB /* IQKeyboardReturnKeyHandler.h in Headers */ = {isa = PBXBuildFile; fileRef = 189931B521FF1AA7004FBCAB /* IQKeyboardReturnKeyHandler.h */; };
		189931F021FF1AA7004FBCAB /* IQKeyboardManager.h in Headers */ = {isa = PBXBuildFile; fileRef = 189931B621FF1AA7004FBCAB /* IQKeyboardManager.h */; };
		189931F121FF1AA7004FBCAB /* IQKeyboardManager.m in Sources */ = {isa = PBXBuildFile; fileRef = 189931B721FF1AA7004FBCAB /* IQKeyboardManager.m */; };
		189931F221FF1AA7004FBCAB /* IQNSArray+Sort.m in Sources */ = {isa = PBXBuildFile; fileRef = 189931B921FF1AA7004FBCAB /* IQNSArray+Sort.m */; };
		189931F321FF1AA7004FBCAB /* IQUIViewController+Additions.h in Headers */ = {isa = PBXBuildFile; fileRef = 189931BA21FF1AA7004FBCAB /* IQUIViewController+Additions.h */; };
		189931F421FF1AA7004FBCAB /* IQUITextFieldView+Additions.m in Sources */ = {isa = PBXBuildFile; fileRef = 189931BB21FF1AA7004FBCAB /* IQUITextFieldView+Additions.m */; };
		189931F521FF1AA7004FBCAB /* IQUIScrollView+Additions.m in Sources */ = {isa = PBXBuildFile; fileRef = 189931BC21FF1AA7004FBCAB /* IQUIScrollView+Additions.m */; };
		189931F621FF1AA7004FBCAB /* IQUIView+Hierarchy.m in Sources */ = {isa = PBXBuildFile; fileRef = 189931BD21FF1AA7004FBCAB /* IQUIView+Hierarchy.m */; };
		189931F721FF1AA7004FBCAB /* IQNSArray+Sort.h in Headers */ = {isa = PBXBuildFile; fileRef = 189931BE21FF1AA7004FBCAB /* IQNSArray+Sort.h */; };
		189931F821FF1AA7004FBCAB /* IQUIScrollView+Additions.h in Headers */ = {isa = PBXBuildFile; fileRef = 189931BF21FF1AA7004FBCAB /* IQUIScrollView+Additions.h */; };
		189931F921FF1AA7004FBCAB /* IQUITextFieldView+Additions.h in Headers */ = {isa = PBXBuildFile; fileRef = 189931C021FF1AA7004FBCAB /* IQUITextFieldView+Additions.h */; };
		189931FA21FF1AA7004FBCAB /* IQUIViewController+Additions.m in Sources */ = {isa = PBXBuildFile; fileRef = 189931C121FF1AA7004FBCAB /* IQUIViewController+Additions.m */; };
		189931FB21FF1AA7004FBCAB /* IQUIView+Hierarchy.h in Headers */ = {isa = PBXBuildFile; fileRef = 189931C221FF1AA7004FBCAB /* IQUIView+Hierarchy.h */; };
		189931FC21FF1AA7004FBCAB /* IQKeyboardReturnKeyHandler.m in Sources */ = {isa = PBXBuildFile; fileRef = 189931C321FF1AA7004FBCAB /* IQKeyboardReturnKeyHandler.m */; };
		189931FD21FF1AA7004FBCAB /* ONTOMBProgressHUD.h in Headers */ = {isa = PBXBuildFile; fileRef = 189931C521FF1AA7004FBCAB /* ONTOMBProgressHUD.h */; };
		189931FE21FF1AA7004FBCAB /* ONTOMBProgressHUD.m in Sources */ = {isa = PBXBuildFile; fileRef = 189931C621FF1AA7004FBCAB /* ONTOMBProgressHUD.m */; };
		18E64EFB21D732DF00976E7B /* CyanoRNWebView.framework in Frameworks */ = {isa = PBXBuildFile; fileRef = 18E64EF121D732DF00976E7B /* CyanoRNWebView.framework */; };
		18E64F0021D732DF00976E7B /* CyanoRNWebViewTests.m in Sources */ = {isa = PBXBuildFile; fileRef = 18E64EFF21D732DF00976E7B /* CyanoRNWebViewTests.m */; };
		18E64F0221D732DF00976E7B /* CyanoRNWebView.h in Headers */ = {isa = PBXBuildFile; fileRef = 18E64EF421D732DF00976E7B /* CyanoRNWebView.h */; settings = {ATTRIBUTES = (Public, ); }; };
		18E64F0D21D732FA00976E7B /* RNJsWebView.h in Headers */ = {isa = PBXBuildFile; fileRef = 18E64F0B21D732FA00976E7B /* RNJsWebView.h */; settings = {ATTRIBUTES = (Public, ); }; };
		18E64F0E21D732FA00976E7B /* RNJsWebView.m in Sources */ = {isa = PBXBuildFile; fileRef = 18E64F0C21D732FA00976E7B /* RNJsWebView.m */; };
/* End PBXBuildFile section */

/* Begin PBXContainerItemProxy section */
		18E64EFC21D732DF00976E7B /* PBXContainerItemProxy */ = {
			isa = PBXContainerItemProxy;
			containerPortal = 18E64EE821D732DF00976E7B /* Project object */;
			proxyType = 1;
			remoteGlobalIDString = 18E64EF021D732DF00976E7B;
			remoteInfo = CyanoRNWebView;
		};
/* End PBXContainerItemProxy section */

/* Begin PBXFileReference section */
		189930D421FF1A15004FBCAB /* ONTIdImportViewController.m */ = {isa = PBXFileReference; fileEncoding = 4; lastKnownFileType = sourcecode.c.objc; path = ONTIdImportViewController.m; sourceTree = "<group>"; };
		189930D521FF1A15004FBCAB /* ONTOBaseViewController.m */ = {isa = PBXFileReference; fileEncoding = 4; lastKnownFileType = sourcecode.c.objc; path = ONTOBaseViewController.m; sourceTree = "<group>"; };
		189930D621FF1A15004FBCAB /* ONTOSDKViewController.m */ = {isa = PBXFileReference; fileEncoding = 4; lastKnownFileType = sourcecode.c.objc; path = ONTOSDKViewController.m; sourceTree = "<group>"; };
		189930D721FF1A15004FBCAB /* ONTOSDKViewController.h */ = {isa = PBXFileReference; fileEncoding = 4; lastKnownFileType = sourcecode.c.h; path = ONTOSDKViewController.h; sourceTree = "<group>"; };
		189930D821FF1A15004FBCAB /* ONTIdPreViewController.m */ = {isa = PBXFileReference; fileEncoding = 4; lastKnownFileType = sourcecode.c.objc; path = ONTIdPreViewController.m; sourceTree = "<group>"; };
		189930D921FF1A15004FBCAB /* ONTIdExportViewController.m */ = {isa = PBXFileReference; fileEncoding = 4; lastKnownFileType = sourcecode.c.objc; path = ONTIdExportViewController.m; sourceTree = "<group>"; };
		189930DA21FF1A15004FBCAB /* ONTIdViewController.h */ = {isa = PBXFileReference; fileEncoding = 4; lastKnownFileType = sourcecode.c.h; path = ONTIdViewController.h; sourceTree = "<group>"; };
		189930DB21FF1A15004FBCAB /* ONTOAuthSDKViewController.h */ = {isa = PBXFileReference; fileEncoding = 4; lastKnownFileType = sourcecode.c.h; path = ONTOAuthSDKViewController.h; sourceTree = "<group>"; };
		189930DC21FF1A16004FBCAB /* ONTOWebViewController.h */ = {isa = PBXFileReference; fileEncoding = 4; lastKnownFileType = sourcecode.c.h; path = ONTOWebViewController.h; sourceTree = "<group>"; };
		189930DD21FF1A16004FBCAB /* ONTIdImportViewController.h */ = {isa = PBXFileReference; fileEncoding = 4; lastKnownFileType = sourcecode.c.h; path = ONTIdImportViewController.h; sourceTree = "<group>"; };
		189930DE21FF1A16004FBCAB /* ONTIdViewController.m */ = {isa = PBXFileReference; fileEncoding = 4; lastKnownFileType = sourcecode.c.objc; path = ONTIdViewController.m; sourceTree = "<group>"; };
		189930DF21FF1A16004FBCAB /* ONTIdExportViewController.h */ = {isa = PBXFileReference; fileEncoding = 4; lastKnownFileType = sourcecode.c.h; path = ONTIdExportViewController.h; sourceTree = "<group>"; };
		189930E021FF1A16004FBCAB /* ONTOWebViewController.m */ = {isa = PBXFileReference; fileEncoding = 4; lastKnownFileType = sourcecode.c.objc; path = ONTOWebViewController.m; sourceTree = "<group>"; };
		189930E121FF1A16004FBCAB /* ONTIdPreViewController.h */ = {isa = PBXFileReference; fileEncoding = 4; lastKnownFileType = sourcecode.c.h; path = ONTIdPreViewController.h; sourceTree = "<group>"; };
		189930E221FF1A16004FBCAB /* ONTOBaseViewController.h */ = {isa = PBXFileReference; fileEncoding = 4; lastKnownFileType = sourcecode.c.h; path = ONTOBaseViewController.h; sourceTree = "<group>"; };
		189930E321FF1A16004FBCAB /* ONTOAuthSDKViewController.m */ = {isa = PBXFileReference; fileEncoding = 4; lastKnownFileType = sourcecode.c.objc; path = ONTOAuthSDKViewController.m; sourceTree = "<group>"; };
		189930F421FF1A26004FBCAB /* cyano.bundle */ = {isa = PBXFileReference; lastKnownFileType = "wrapper.plug-in"; path = cyano.bundle; sourceTree = "<group>"; };
		189930F621FF1A30004FBCAB /* js */ = {isa = PBXFileReference; lastKnownFileType = folder; path = js; sourceTree = "<group>"; };
		189930F921FF1A3D004FBCAB /* Common.m */ = {isa = PBXFileReference; fileEncoding = 4; lastKnownFileType = sourcecode.c.objc; path = Common.m; sourceTree = "<group>"; };
		189930FA21FF1A3D004FBCAB /* LKLPayCodeTextField.m */ = {isa = PBXFileReference; fileEncoding = 4; lastKnownFileType = sourcecode.c.objc; path = LKLPayCodeTextField.m; sourceTree = "<group>"; };
		189930FB21FF1A3D004FBCAB /* PasswordSheet.h */ = {isa = PBXFileReference; fileEncoding = 4; lastKnownFileType = sourcecode.c.h; path = PasswordSheet.h; sourceTree = "<group>"; };
		189930FC21FF1A3D004FBCAB /* BrowserView.m */ = {isa = PBXFileReference; fileEncoding = 4; lastKnownFileType = sourcecode.c.objc; path = BrowserView.m; sourceTree = "<group>"; };
		189930FD21FF1A3D004FBCAB /* UILabel+changeSpace.m */ = {isa = PBXFileReference; fileEncoding = 4; lastKnownFileType = sourcecode.c.objc; path = "UILabel+changeSpace.m"; sourceTree = "<group>"; };
		189930FE21FF1A3D004FBCAB /* ONTIdWebView.h */ = {isa = PBXFileReference; fileEncoding = 4; lastKnownFileType = sourcecode.c.h; path = ONTIdWebView.h; sourceTree = "<group>"; };
		189930FF21FF1A3D004FBCAB /* LKLPayCodeCollectionViewCell.m */ = {isa = PBXFileReference; fileEncoding = 4; lastKnownFileType = sourcecode.c.objc; path = LKLPayCodeCollectionViewCell.m; sourceTree = "<group>"; };
		1899310021FF1A3D004FBCAB /* NSString+Blank.m */ = {isa = PBXFileReference; fileEncoding = 4; lastKnownFileType = sourcecode.c.objc; path = "NSString+Blank.m"; sourceTree = "<group>"; };
		1899310121FF1A3D004FBCAB /* LKLForbidPasteTextField.m */ = {isa = PBXFileReference; fileEncoding = 4; lastKnownFileType = sourcecode.c.objc; path = LKLForbidPasteTextField.m; sourceTree = "<group>"; };
		1899310321FF1A3D004FBCAB /* UITextView+Placeholder.m */ = {isa = PBXFileReference; fileEncoding = 4; lastKnownFileType = sourcecode.c.objc; path = "UITextView+Placeholder.m"; sourceTree = "<group>"; };
		1899310421FF1A3D004FBCAB /* UITextView+Placeholder.h */ = {isa = PBXFileReference; fileEncoding = 4; lastKnownFileType = sourcecode.c.h; path = "UITextView+Placeholder.h"; sourceTree = "<group>"; };
		1899310521FF1A3D004FBCAB /* PasswordSheet.m */ = {isa = PBXFileReference; fileEncoding = 4; lastKnownFileType = sourcecode.c.objc; path = PasswordSheet.m; sourceTree = "<group>"; };
		1899310621FF1A3D004FBCAB /* LKLPayCodeTextField.h */ = {isa = PBXFileReference; fileEncoding = 4; lastKnownFileType = sourcecode.c.h; path = LKLPayCodeTextField.h; sourceTree = "<group>"; };
		1899310721FF1A3D004FBCAB /* Common.h */ = {isa = PBXFileReference; fileEncoding = 4; lastKnownFileType = sourcecode.c.h; path = Common.h; sourceTree = "<group>"; };
		1899310921FF1A3D004FBCAB /* ToastUtil.h */ = {isa = PBXFileReference; fileEncoding = 4; lastKnownFileType = sourcecode.c.h; path = ToastUtil.h; sourceTree = "<group>"; };
		1899310A21FF1A3D004FBCAB /* ToastUtil.m */ = {isa = PBXFileReference; fileEncoding = 4; lastKnownFileType = sourcecode.c.objc; path = ToastUtil.m; sourceTree = "<group>"; };
		1899310B21FF1A3D004FBCAB /* LKLPayCodeCollectionViewCell.h */ = {isa = PBXFileReference; fileEncoding = 4; lastKnownFileType = sourcecode.c.h; path = LKLPayCodeCollectionViewCell.h; sourceTree = "<group>"; };
		1899310C21FF1A3D004FBCAB /* ONTIdWebView.m */ = {isa = PBXFileReference; fileEncoding = 4; lastKnownFileType = sourcecode.c.objc; path = ONTIdWebView.m; sourceTree = "<group>"; };
		1899310D21FF1A3D004FBCAB /* UILabel+changeSpace.h */ = {isa = PBXFileReference; fileEncoding = 4; lastKnownFileType = sourcecode.c.h; path = "UILabel+changeSpace.h"; sourceTree = "<group>"; };
		1899310E21FF1A3D004FBCAB /* BrowserView.h */ = {isa = PBXFileReference; fileEncoding = 4; lastKnownFileType = sourcecode.c.h; path = BrowserView.h; sourceTree = "<group>"; };
		1899310F21FF1A3D004FBCAB /* NSString+Blank.h */ = {isa = PBXFileReference; fileEncoding = 4; lastKnownFileType = sourcecode.c.h; path = "NSString+Blank.h"; sourceTree = "<group>"; };
		1899311021FF1A3D004FBCAB /* LKLForbidPasteTextField.h */ = {isa = PBXFileReference; fileEncoding = 4; lastKnownFileType = sourcecode.c.h; path = LKLForbidPasteTextField.h; sourceTree = "<group>"; };
		1899312821FF1A51004FBCAB /* EasyLoadingGlobalConfig.h */ = {isa = PBXFileReference; fileEncoding = 4; lastKnownFileType = sourcecode.c.h; path = EasyLoadingGlobalConfig.h; sourceTree = "<group>"; };
		1899312921FF1A51004FBCAB /* EasyLoadingTypes.m */ = {isa = PBXFileReference; fileEncoding = 4; lastKnownFileType = sourcecode.c.objc; path = EasyLoadingTypes.m; sourceTree = "<group>"; };
		1899312A21FF1A51004FBCAB /* UIView+EasyShowExt.h */ = {isa = PBXFileReference; fileEncoding = 4; lastKnownFileType = sourcecode.c.h; path = "UIView+EasyShowExt.h"; sourceTree = "<group>"; };
		1899312B21FF1A51004FBCAB /* EasyEmptyPart.h */ = {isa = PBXFileReference; fileEncoding = 4; lastKnownFileType = sourcecode.c.h; path = EasyEmptyPart.h; sourceTree = "<group>"; };
		1899312C21FF1A51004FBCAB /* EasyTextConfig.m */ = {isa = PBXFileReference; fileEncoding = 4; lastKnownFileType = sourcecode.c.objc; path = EasyTextConfig.m; sourceTree = "<group>"; };
		1899312D21FF1A51004FBCAB /* EasyAlertTypes.m */ = {isa = PBXFileReference; fileEncoding = 4; lastKnownFileType = sourcecode.c.objc; path = EasyAlertTypes.m; sourceTree = "<group>"; };
		1899312E21FF1A51004FBCAB /* EasyTextView.m */ = {isa = PBXFileReference; fileEncoding = 4; lastKnownFileType = sourcecode.c.objc; path = EasyTextView.m; sourceTree = "<group>"; };
		1899312F21FF1A51004FBCAB /* EasyAlertConfig.h */ = {isa = PBXFileReference; fileEncoding = 4; lastKnownFileType = sourcecode.c.h; path = EasyAlertConfig.h; sourceTree = "<group>"; };
		1899313021FF1A51004FBCAB /* EasyEmptyConfig.m */ = {isa = PBXFileReference; fileEncoding = 4; lastKnownFileType = sourcecode.c.objc; path = EasyEmptyConfig.m; sourceTree = "<group>"; };
		1899313121FF1A51004FBCAB /* EasyEmptyView.m */ = {isa = PBXFileReference; fileEncoding = 4; lastKnownFileType = sourcecode.c.objc; path = EasyEmptyView.m; sourceTree = "<group>"; };
		1899313221FF1A51004FBCAB /* EasyTextTypes.h */ = {isa = PBXFileReference; fileEncoding = 4; lastKnownFileType = sourcecode.c.h; path = EasyTextTypes.h; sourceTree = "<group>"; };
		1899313321FF1A51004FBCAB /* EasyTextBgView.h */ = {isa = PBXFileReference; fileEncoding = 4; lastKnownFileType = sourcecode.c.h; path = EasyTextBgView.h; sourceTree = "<group>"; };
		1899313421FF1A51004FBCAB /* EasyShowUtils.m */ = {isa = PBXFileReference; fileEncoding = 4; lastKnownFileType = sourcecode.c.objc; path = EasyShowUtils.m; sourceTree = "<group>"; };
		1899313521FF1A51004FBCAB /* EasyAlertPart.h */ = {isa = PBXFileReference; fileEncoding = 4; lastKnownFileType = sourcecode.c.h; path = EasyAlertPart.h; sourceTree = "<group>"; };
		1899313621FF1A51004FBCAB /* EasyEmptyTypes.h */ = {isa = PBXFileReference; fileEncoding = 4; lastKnownFileType = sourcecode.c.h; path = EasyEmptyTypes.h; sourceTree = "<group>"; };
		1899313721FF1A51004FBCAB /* EasyAlertGlobalConfig.h */ = {isa = PBXFileReference; fileEncoding = 4; lastKnownFileType = sourcecode.c.h; path = EasyAlertGlobalConfig.h; sourceTree = "<group>"; };
		1899313821FF1A51004FBCAB /* EasyShowLabel.m */ = {isa = PBXFileReference; fileEncoding = 4; lastKnownFileType = sourcecode.c.objc; path = EasyShowLabel.m; sourceTree = "<group>"; };
		1899313921FF1A51004FBCAB /* EasyEmptyGlobalConfig.h */ = {isa = PBXFileReference; fileEncoding = 4; lastKnownFileType = sourcecode.c.h; path = EasyEmptyGlobalConfig.h; sourceTree = "<group>"; };
		1899313A21FF1A51004FBCAB /* EasyLoadingConfig.m */ = {isa = PBXFileReference; fileEncoding = 4; lastKnownFileType = sourcecode.c.objc; path = EasyLoadingConfig.m; sourceTree = "<group>"; };
		1899313B21FF1A51004FBCAB /* EasyAlertItem.m */ = {isa = PBXFileReference; fileEncoding = 4; lastKnownFileType = sourcecode.c.objc; path = EasyAlertItem.m; sourceTree = "<group>"; };
		1899313C21FF1A51004FBCAB /* EasyAlertView.m */ = {isa = PBXFileReference; fileEncoding = 4; lastKnownFileType = sourcecode.c.objc; path = EasyAlertView.m; sourceTree = "<group>"; };
		1899313D21FF1A51004FBCAB /* EasyTextGlobalConfig.m */ = {isa = PBXFileReference; fileEncoding = 4; lastKnownFileType = sourcecode.c.objc; path = EasyTextGlobalConfig.m; sourceTree = "<group>"; };
		1899313E21FF1A51004FBCAB /* EasyLoadingView.m */ = {isa = PBXFileReference; fileEncoding = 4; lastKnownFileType = sourcecode.c.objc; path = EasyLoadingView.m; sourceTree = "<group>"; };
		1899313F21FF1A51004FBCAB /* EasyAlertTypes.h */ = {isa = PBXFileReference; fileEncoding = 4; lastKnownFileType = sourcecode.c.h; path = EasyAlertTypes.h; sourceTree = "<group>"; };
		1899314021FF1A51004FBCAB /* EasyTextConfig.h */ = {isa = PBXFileReference; fileEncoding = 4; lastKnownFileType = sourcecode.c.h; path = EasyTextConfig.h; sourceTree = "<group>"; };
		1899314121FF1A51004FBCAB /* EasyEmptyPart.m */ = {isa = PBXFileReference; fileEncoding = 4; lastKnownFileType = sourcecode.c.objc; path = EasyEmptyPart.m; sourceTree = "<group>"; };
		1899314221FF1A51004FBCAB /* UIView+EasyShowExt.m */ = {isa = PBXFileReference; fileEncoding = 4; lastKnownFileType = sourcecode.c.objc; path = "UIView+EasyShowExt.m"; sourceTree = "<group>"; };
		1899314321FF1A51004FBCAB /* EasyLoadingTypes.h */ = {isa = PBXFileReference; fileEncoding = 4; lastKnownFileType = sourcecode.c.h; path = EasyLoadingTypes.h; sourceTree = "<group>"; };
		1899314421FF1A51004FBCAB /* EasyLoadingGlobalConfig.m */ = {isa = PBXFileReference; fileEncoding = 4; lastKnownFileType = sourcecode.c.objc; path = EasyLoadingGlobalConfig.m; sourceTree = "<group>"; };
		1899314521FF1A51004FBCAB /* EasyTextBgView.m */ = {isa = PBXFileReference; fileEncoding = 4; lastKnownFileType = sourcecode.c.objc; path = EasyTextBgView.m; sourceTree = "<group>"; };
		1899314621FF1A51004FBCAB /* EasyTextTypes.m */ = {isa = PBXFileReference; fileEncoding = 4; lastKnownFileType = sourcecode.c.objc; path = EasyTextTypes.m; sourceTree = "<group>"; };
		1899314721FF1A51004FBCAB /* EasyEmptyView.h */ = {isa = PBXFileReference; fileEncoding = 4; lastKnownFileType = sourcecode.c.h; path = EasyEmptyView.h; sourceTree = "<group>"; };
		1899314821FF1A51004FBCAB /* EasyAlertConfig.m */ = {isa = PBXFileReference; fileEncoding = 4; lastKnownFileType = sourcecode.c.objc; path = EasyAlertConfig.m; sourceTree = "<group>"; };
		1899314921FF1A51004FBCAB /* EasyEmptyConfig.h */ = {isa = PBXFileReference; fileEncoding = 4; lastKnownFileType = sourcecode.c.h; path = EasyEmptyConfig.h; sourceTree = "<group>"; };
		1899314A21FF1A51004FBCAB /* EasyTextView.h */ = {isa = PBXFileReference; fileEncoding = 4; lastKnownFileType = sourcecode.c.h; path = EasyTextView.h; sourceTree = "<group>"; };
		1899314B21FF1A51004FBCAB /* EasyAlertItem.h */ = {isa = PBXFileReference; fileEncoding = 4; lastKnownFileType = sourcecode.c.h; path = EasyAlertItem.h; sourceTree = "<group>"; };
		1899314C21FF1A51004FBCAB /* EasyLoadingConfig.h */ = {isa = PBXFileReference; fileEncoding = 4; lastKnownFileType = sourcecode.c.h; path = EasyLoadingConfig.h; sourceTree = "<group>"; };
		1899314D21FF1A51004FBCAB /* EasyEmptyGlobalConfig.m */ = {isa = PBXFileReference; fileEncoding = 4; lastKnownFileType = sourcecode.c.objc; path = EasyEmptyGlobalConfig.m; sourceTree = "<group>"; };
		1899314E21FF1A51004FBCAB /* EasyShowLabel.h */ = {isa = PBXFileReference; fileEncoding = 4; lastKnownFileType = sourcecode.c.h; path = EasyShowLabel.h; sourceTree = "<group>"; };
		1899314F21FF1A51004FBCAB /* EasyAlertGlobalConfig.m */ = {isa = PBXFileReference; fileEncoding = 4; lastKnownFileType = sourcecode.c.objc; path = EasyAlertGlobalConfig.m; sourceTree = "<group>"; };
		1899315021FF1A51004FBCAB /* EasyEmptyTypes.m */ = {isa = PBXFileReference; fileEncoding = 4; lastKnownFileType = sourcecode.c.objc; path = EasyEmptyTypes.m; sourceTree = "<group>"; };
		1899315121FF1A51004FBCAB /* EasyShowUtils.h */ = {isa = PBXFileReference; fileEncoding = 4; lastKnownFileType = sourcecode.c.h; path = EasyShowUtils.h; sourceTree = "<group>"; };
		1899315221FF1A51004FBCAB /* EasyAlertPart.m */ = {isa = PBXFileReference; fileEncoding = 4; lastKnownFileType = sourcecode.c.objc; path = EasyAlertPart.m; sourceTree = "<group>"; };
		1899315321FF1A51004FBCAB /* EasyShowView.h */ = {isa = PBXFileReference; fileEncoding = 4; lastKnownFileType = sourcecode.c.h; path = EasyShowView.h; sourceTree = "<group>"; };
		1899315421FF1A51004FBCAB /* EasyLoadingView.h */ = {isa = PBXFileReference; fileEncoding = 4; lastKnownFileType = sourcecode.c.h; path = EasyLoadingView.h; sourceTree = "<group>"; };
		1899315521FF1A51004FBCAB /* EasyTextGlobalConfig.h */ = {isa = PBXFileReference; fileEncoding = 4; lastKnownFileType = sourcecode.c.h; path = EasyTextGlobalConfig.h; sourceTree = "<group>"; };
		1899315621FF1A51004FBCAB /* EasyAlertView.h */ = {isa = PBXFileReference; fileEncoding = 4; lastKnownFileType = sourcecode.c.h; path = EasyAlertView.h; sourceTree = "<group>"; };
		1899318821FF1AA7004FBCAB /* MASCompositeConstraint.h */ = {isa = PBXFileReference; fileEncoding = 4; lastKnownFileType = sourcecode.c.h; path = MASCompositeConstraint.h; sourceTree = "<group>"; };
		1899318921FF1AA7004FBCAB /* NSLayoutConstraint+MASDebugAdditions.m */ = {isa = PBXFileReference; fileEncoding = 4; lastKnownFileType = sourcecode.c.objc; path = "NSLayoutConstraint+MASDebugAdditions.m"; sourceTree = "<group>"; };
		1899318A21FF1AA7004FBCAB /* MASConstraint+Private.h */ = {isa = PBXFileReference; fileEncoding = 4; lastKnownFileType = sourcecode.c.h; path = "MASConstraint+Private.h"; sourceTree = "<group>"; };
		1899318B21FF1AA7004FBCAB /* MASLayoutConstraint.h */ = {isa = PBXFileReference; fileEncoding = 4; lastKnownFileType = sourcecode.c.h; path = MASLayoutConstraint.h; sourceTree = "<group>"; };
		1899318C21FF1AA7004FBCAB /* NSArray+MASShorthandAdditions.h */ = {isa = PBXFileReference; fileEncoding = 4; lastKnownFileType = sourcecode.c.h; path = "NSArray+MASShorthandAdditions.h"; sourceTree = "<group>"; };
		1899318D21FF1AA7004FBCAB /* MASConstraintMaker.h */ = {isa = PBXFileReference; fileEncoding = 4; lastKnownFileType = sourcecode.c.h; path = MASConstraintMaker.h; sourceTree = "<group>"; };
		1899318E21FF1AA7004FBCAB /* View+MASAdditions.h */ = {isa = PBXFileReference; fileEncoding = 4; lastKnownFileType = sourcecode.c.h; path = "View+MASAdditions.h"; sourceTree = "<group>"; };
		1899318F21FF1AA7004FBCAB /* NSArray+MASAdditions.h */ = {isa = PBXFileReference; fileEncoding = 4; lastKnownFileType = sourcecode.c.h; path = "NSArray+MASAdditions.h"; sourceTree = "<group>"; };
		1899319021FF1AA7004FBCAB /* MASUtilities.h */ = {isa = PBXFileReference; fileEncoding = 4; lastKnownFileType = sourcecode.c.h; path = MASUtilities.h; sourceTree = "<group>"; };
		1899319121FF1AA7004FBCAB /* MASViewAttribute.h */ = {isa = PBXFileReference; fileEncoding = 4; lastKnownFileType = sourcecode.c.h; path = MASViewAttribute.h; sourceTree = "<group>"; };
		1899319221FF1AA7004FBCAB /* ViewController+MASAdditions.m */ = {isa = PBXFileReference; fileEncoding = 4; lastKnownFileType = sourcecode.c.objc; path = "ViewController+MASAdditions.m"; sourceTree = "<group>"; };
		1899319321FF1AA7004FBCAB /* MASViewConstraint.h */ = {isa = PBXFileReference; fileEncoding = 4; lastKnownFileType = sourcecode.c.h; path = MASViewConstraint.h; sourceTree = "<group>"; };
		1899319421FF1AA7004FBCAB /* MASConstraint.h */ = {isa = PBXFileReference; fileEncoding = 4; lastKnownFileType = sourcecode.c.h; path = MASConstraint.h; sourceTree = "<group>"; };
		1899319521FF1AA7004FBCAB /* NSLayoutConstraint+MASDebugAdditions.h */ = {isa = PBXFileReference; fileEncoding = 4; lastKnownFileType = sourcecode.c.h; path = "NSLayoutConstraint+MASDebugAdditions.h"; sourceTree = "<group>"; };
		1899319621FF1AA7004FBCAB /* MASCompositeConstraint.m */ = {isa = PBXFileReference; fileEncoding = 4; lastKnownFileType = sourcecode.c.objc; path = MASCompositeConstraint.m; sourceTree = "<group>"; };
		1899319721FF1AA7004FBCAB /* MASConstraintMaker.m */ = {isa = PBXFileReference; fileEncoding = 4; lastKnownFileType = sourcecode.c.objc; path = MASConstraintMaker.m; sourceTree = "<group>"; };
		1899319821FF1AA7004FBCAB /* MASLayoutConstraint.m */ = {isa = PBXFileReference; fileEncoding = 4; lastKnownFileType = sourcecode.c.objc; path = MASLayoutConstraint.m; sourceTree = "<group>"; };
		1899319921FF1AA7004FBCAB /* NSArray+MASAdditions.m */ = {isa = PBXFileReference; fileEncoding = 4; lastKnownFileType = sourcecode.c.objc; path = "NSArray+MASAdditions.m"; sourceTree = "<group>"; };
		1899319A21FF1AA7004FBCAB /* View+MASAdditions.m */ = {isa = PBXFileReference; fileEncoding = 4; lastKnownFileType = sourcecode.c.objc; path = "View+MASAdditions.m"; sourceTree = "<group>"; };
		1899319B21FF1AA7004FBCAB /* View+MASShorthandAdditions.h */ = {isa = PBXFileReference; fileEncoding = 4; lastKnownFileType = sourcecode.c.h; path = "View+MASShorthandAdditions.h"; sourceTree = "<group>"; };
		1899319C21FF1AA7004FBCAB /* Masonry.h */ = {isa = PBXFileReference; fileEncoding = 4; lastKnownFileType = sourcecode.c.h; path = Masonry.h; sourceTree = "<group>"; };
		1899319D21FF1AA7004FBCAB /* MASConstraint.m */ = {isa = PBXFileReference; fileEncoding = 4; lastKnownFileType = sourcecode.c.objc; path = MASConstraint.m; sourceTree = "<group>"; };
		1899319E21FF1AA7004FBCAB /* ViewController+MASAdditions.h */ = {isa = PBXFileReference; fileEncoding = 4; lastKnownFileType = sourcecode.c.h; path = "ViewController+MASAdditions.h"; sourceTree = "<group>"; };
		1899319F21FF1AA7004FBCAB /* MASViewConstraint.m */ = {isa = PBXFileReference; fileEncoding = 4; lastKnownFileType = sourcecode.c.objc; path = MASViewConstraint.m; sourceTree = "<group>"; };
		189931A021FF1AA7004FBCAB /* MASViewAttribute.m */ = {isa = PBXFileReference; fileEncoding = 4; lastKnownFileType = sourcecode.c.objc; path = MASViewAttribute.m; sourceTree = "<group>"; };
		189931A321FF1AA7004FBCAB /* IQTextView.m */ = {isa = PBXFileReference; fileEncoding = 4; lastKnownFileType = sourcecode.c.objc; path = IQTextView.m; sourceTree = "<group>"; };
		189931A421FF1AA7004FBCAB /* IQTextView.h */ = {isa = PBXFileReference; fileEncoding = 4; lastKnownFileType = sourcecode.c.h; path = IQTextView.h; sourceTree = "<group>"; };
		189931A621FF1AA7004FBCAB /* IQUIView+IQKeyboardToolbar.h */ = {isa = PBXFileReference; fileEncoding = 4; lastKnownFileType = sourcecode.c.h; path = "IQUIView+IQKeyboardToolbar.h"; sourceTree = "<group>"; };
		189931A721FF1AA7004FBCAB /* IQToolbar.m */ = {isa = PBXFileReference; fileEncoding = 4; lastKnownFileType = sourcecode.c.objc; path = IQToolbar.m; sourceTree = "<group>"; };
		189931A821FF1AA7004FBCAB /* IQPreviousNextView.h */ = {isa = PBXFileReference; fileEncoding = 4; lastKnownFileType = sourcecode.c.h; path = IQPreviousNextView.h; sourceTree = "<group>"; };
		189931A921FF1AA7004FBCAB /* IQTitleBarButtonItem.m */ = {isa = PBXFileReference; fileEncoding = 4; lastKnownFileType = sourcecode.c.objc; path = IQTitleBarButtonItem.m; sourceTree = "<group>"; };
		189931AA21FF1AA7004FBCAB /* IQBarButtonItem.m */ = {isa = PBXFileReference; fileEncoding = 4; lastKnownFileType = sourcecode.c.objc; path = IQBarButtonItem.m; sourceTree = "<group>"; };
		189931AB21FF1AA7004FBCAB /* IQUIView+IQKeyboardToolbar.m */ = {isa = PBXFileReference; fileEncoding = 4; lastKnownFileType = sourcecode.c.objc; path = "IQUIView+IQKeyboardToolbar.m"; sourceTree = "<group>"; };
		189931AC21FF1AA7004FBCAB /* IQPreviousNextView.m */ = {isa = PBXFileReference; fileEncoding = 4; lastKnownFileType = sourcecode.c.objc; path = IQPreviousNextView.m; sourceTree = "<group>"; };
		189931AD21FF1AA7004FBCAB /* IQToolbar.h */ = {isa = PBXFileReference; fileEncoding = 4; lastKnownFileType = sourcecode.c.h; path = IQToolbar.h; sourceTree = "<group>"; };
		189931AE21FF1AA7004FBCAB /* IQBarButtonItem.h */ = {isa = PBXFileReference; fileEncoding = 4; lastKnownFileType = sourcecode.c.h; path = IQBarButtonItem.h; sourceTree = "<group>"; };
		189931AF21FF1AA7004FBCAB /* IQTitleBarButtonItem.h */ = {isa = PBXFileReference; fileEncoding = 4; lastKnownFileType = sourcecode.c.h; path = IQTitleBarButtonItem.h; sourceTree = "<group>"; };
		189931B121FF1AA7004FBCAB /* IQKeyboardManagerConstantsInternal.h */ = {isa = PBXFileReference; fileEncoding = 4; lastKnownFileType = sourcecode.c.h; path = IQKeyboardManagerConstantsInternal.h; sourceTree = "<group>"; };
		189931B221FF1AA7004FBCAB /* IQKeyboardManagerConstants.h */ = {isa = PBXFileReference; fileEncoding = 4; lastKnownFileType = sourcecode.c.h; path = IQKeyboardManagerConstants.h; sourceTree = "<group>"; };
		189931B421FF1AA7004FBCAB /* IQKeyboardManager.bundle */ = {isa = PBXFileReference; lastKnownFileType = "wrapper.plug-in"; path = IQKeyboardManager.bundle; sourceTree = "<group>"; };
		189931B521FF1AA7004FBCAB /* IQKeyboardReturnKeyHandler.h */ = {isa = PBXFileReference; fileEncoding = 4; lastKnownFileType = sourcecode.c.h; path = IQKeyboardReturnKeyHandler.h; sourceTree = "<group>"; };
		189931B621FF1AA7004FBCAB /* IQKeyboardManager.h */ = {isa = PBXFileReference; fileEncoding = 4; lastKnownFileType = sourcecode.c.h; path = IQKeyboardManager.h; sourceTree = "<group>"; };
		189931B721FF1AA7004FBCAB /* IQKeyboardManager.m */ = {isa = PBXFileReference; fileEncoding = 4; lastKnownFileType = sourcecode.c.objc; path = IQKeyboardManager.m; sourceTree = "<group>"; };
		189931B921FF1AA7004FBCAB /* IQNSArray+Sort.m */ = {isa = PBXFileReference; fileEncoding = 4; lastKnownFileType = sourcecode.c.objc; path = "IQNSArray+Sort.m"; sourceTree = "<group>"; };
		189931BA21FF1AA7004FBCAB /* IQUIViewController+Additions.h */ = {isa = PBXFileReference; fileEncoding = 4; lastKnownFileType = sourcecode.c.h; path = "IQUIViewController+Additions.h"; sourceTree = "<group>"; };
		189931BB21FF1AA7004FBCAB /* IQUITextFieldView+Additions.m */ = {isa = PBXFileReference; fileEncoding = 4; lastKnownFileType = sourcecode.c.objc; path = "IQUITextFieldView+Additions.m"; sourceTree = "<group>"; };
		189931BC21FF1AA7004FBCAB /* IQUIScrollView+Additions.m */ = {isa = PBXFileReference; fileEncoding = 4; lastKnownFileType = sourcecode.c.objc; path = "IQUIScrollView+Additions.m"; sourceTree = "<group>"; };
		189931BD21FF1AA7004FBCAB /* IQUIView+Hierarchy.m */ = {isa = PBXFileReference; fileEncoding = 4; lastKnownFileType = sourcecode.c.objc; path = "IQUIView+Hierarchy.m"; sourceTree = "<group>"; };
		189931BE21FF1AA7004FBCAB /* IQNSArray+Sort.h */ = {isa = PBXFileReference; fileEncoding = 4; lastKnownFileType = sourcecode.c.h; path = "IQNSArray+Sort.h"; sourceTree = "<group>"; };
		189931BF21FF1AA7004FBCAB /* IQUIScrollView+Additions.h */ = {isa = PBXFileReference; fileEncoding = 4; lastKnownFileType = sourcecode.c.h; path = "IQUIScrollView+Additions.h"; sourceTree = "<group>"; };
		189931C021FF1AA7004FBCAB /* IQUITextFieldView+Additions.h */ = {isa = PBXFileReference; fileEncoding = 4; lastKnownFileType = sourcecode.c.h; path = "IQUITextFieldView+Additions.h"; sourceTree = "<group>"; };
		189931C121FF1AA7004FBCAB /* IQUIViewController+Additions.m */ = {isa = PBXFileReference; fileEncoding = 4; lastKnownFileType = sourcecode.c.objc; path = "IQUIViewController+Additions.m"; sourceTree = "<group>"; };
		189931C221FF1AA7004FBCAB /* IQUIView+Hierarchy.h */ = {isa = PBXFileReference; fileEncoding = 4; lastKnownFileType = sourcecode.c.h; path = "IQUIView+Hierarchy.h"; sourceTree = "<group>"; };
		189931C321FF1AA7004FBCAB /* IQKeyboardReturnKeyHandler.m */ = {isa = PBXFileReference; fileEncoding = 4; lastKnownFileType = sourcecode.c.objc; path = IQKeyboardReturnKeyHandler.m; sourceTree = "<group>"; };
		189931C521FF1AA7004FBCAB /* ONTOMBProgressHUD.h */ = {isa = PBXFileReference; fileEncoding = 4; lastKnownFileType = sourcecode.c.h; path = ONTOMBProgressHUD.h; sourceTree = "<group>"; };
		189931C621FF1AA7004FBCAB /* ONTOMBProgressHUD.m */ = {isa = PBXFileReference; fileEncoding = 4; lastKnownFileType = sourcecode.c.objc; path = ONTOMBProgressHUD.m; sourceTree = "<group>"; };
		18E64EF121D732DF00976E7B /* CyanoRNWebView.framework */ = {isa = PBXFileReference; explicitFileType = wrapper.framework; includeInIndex = 0; path = CyanoRNWebView.framework; sourceTree = BUILT_PRODUCTS_DIR; };
		18E64EF421D732DF00976E7B /* CyanoRNWebView.h */ = {isa = PBXFileReference; lastKnownFileType = sourcecode.c.h; path = CyanoRNWebView.h; sourceTree = "<group>"; };
		18E64EF521D732DF00976E7B /* Info.plist */ = {isa = PBXFileReference; lastKnownFileType = text.plist.xml; path = Info.plist; sourceTree = "<group>"; };
		18E64EFA21D732DF00976E7B /* CyanoRNWebViewTests.xctest */ = {isa = PBXFileReference; explicitFileType = wrapper.cfbundle; includeInIndex = 0; path = CyanoRNWebViewTests.xctest; sourceTree = BUILT_PRODUCTS_DIR; };
		18E64EFF21D732DF00976E7B /* CyanoRNWebViewTests.m */ = {isa = PBXFileReference; lastKnownFileType = sourcecode.c.objc; path = CyanoRNWebViewTests.m; sourceTree = "<group>"; };
		18E64F0121D732DF00976E7B /* Info.plist */ = {isa = PBXFileReference; lastKnownFileType = text.plist.xml; path = Info.plist; sourceTree = "<group>"; };
		18E64F0B21D732FA00976E7B /* RNJsWebView.h */ = {isa = PBXFileReference; fileEncoding = 4; lastKnownFileType = sourcecode.c.h; path = RNJsWebView.h; sourceTree = "<group>"; };
		18E64F0C21D732FA00976E7B /* RNJsWebView.m */ = {isa = PBXFileReference; fileEncoding = 4; lastKnownFileType = sourcecode.c.objc; path = RNJsWebView.m; sourceTree = "<group>"; };
/* End PBXFileReference section */

/* Begin PBXFrameworksBuildPhase section */
		18E64EEE21D732DF00976E7B /* Frameworks */ = {
			isa = PBXFrameworksBuildPhase;
			buildActionMask = 2147483647;
			files = (
			);
			runOnlyForDeploymentPostprocessing = 0;
		};
		18E64EF721D732DF00976E7B /* Frameworks */ = {
			isa = PBXFrameworksBuildPhase;
			buildActionMask = 2147483647;
			files = (
				18E64EFB21D732DF00976E7B /* CyanoRNWebView.framework in Frameworks */,
			);
			runOnlyForDeploymentPostprocessing = 0;
		};
/* End PBXFrameworksBuildPhase section */

/* Begin PBXGroup section */
		189930D221FF19BF004FBCAB /* Webview */ = {
			isa = PBXGroup;
			children = (
				18E64F0B21D732FA00976E7B /* RNJsWebView.h */,
				18E64F0C21D732FA00976E7B /* RNJsWebView.m */,
			);
			path = Webview;
			sourceTree = "<group>";
		};
		189930D321FF19FF004FBCAB /* ONT ID */ = {
			isa = PBXGroup;
			children = (
				189930DF21FF1A16004FBCAB /* ONTIdExportViewController.h */,
				189930D921FF1A15004FBCAB /* ONTIdExportViewController.m */,
				189930DD21FF1A16004FBCAB /* ONTIdImportViewController.h */,
				189930D421FF1A15004FBCAB /* ONTIdImportViewController.m */,
				189930E121FF1A16004FBCAB /* ONTIdPreViewController.h */,
				189930D821FF1A15004FBCAB /* ONTIdPreViewController.m */,
				189930DA21FF1A15004FBCAB /* ONTIdViewController.h */,
				189930DE21FF1A16004FBCAB /* ONTIdViewController.m */,
				189930DB21FF1A15004FBCAB /* ONTOAuthSDKViewController.h */,
				189930E321FF1A16004FBCAB /* ONTOAuthSDKViewController.m */,
				189930E221FF1A16004FBCAB /* ONTOBaseViewController.h */,
				189930D521FF1A15004FBCAB /* ONTOBaseViewController.m */,
				189930D721FF1A15004FBCAB /* ONTOSDKViewController.h */,
				189930D621FF1A15004FBCAB /* ONTOSDKViewController.m */,
				189930DC21FF1A16004FBCAB /* ONTOWebViewController.h */,
				189930E021FF1A16004FBCAB /* ONTOWebViewController.m */,
				1899318621FF1AA7004FBCAB /* Third */,
				189930F821FF1A3D004FBCAB /* Tools */,
				189930F621FF1A30004FBCAB /* js */,
				189930F421FF1A26004FBCAB /* cyano.bundle */,
			);
			path = "ONT ID";
			sourceTree = "<group>";
		};
		189930F821FF1A3D004FBCAB /* Tools */ = {
			isa = PBXGroup;
			children = (
				1899312721FF1A51004FBCAB /* EasyShowView */,
				1899310221FF1A3D004FBCAB /* UITextView */,
				1899310821FF1A3D004FBCAB /* ToastUtil */,
				1899310E21FF1A3D004FBCAB /* BrowserView.h */,
				189930FC21FF1A3D004FBCAB /* BrowserView.m */,
				1899310D21FF1A3D004FBCAB /* UILabel+changeSpace.h */,
				189930FD21FF1A3D004FBCAB /* UILabel+changeSpace.m */,
				189930FE21FF1A3D004FBCAB /* ONTIdWebView.h */,
				1899310C21FF1A3D004FBCAB /* ONTIdWebView.m */,
				1899310B21FF1A3D004FBCAB /* LKLPayCodeCollectionViewCell.h */,
				189930FF21FF1A3D004FBCAB /* LKLPayCodeCollectionViewCell.m */,
				1899310F21FF1A3D004FBCAB /* NSString+Blank.h */,
				1899310021FF1A3D004FBCAB /* NSString+Blank.m */,
				1899311021FF1A3D004FBCAB /* LKLForbidPasteTextField.h */,
				1899310121FF1A3D004FBCAB /* LKLForbidPasteTextField.m */,
				189930FB21FF1A3D004FBCAB /* PasswordSheet.h */,
				1899310521FF1A3D004FBCAB /* PasswordSheet.m */,
				1899310621FF1A3D004FBCAB /* LKLPayCodeTextField.h */,
				189930FA21FF1A3D004FBCAB /* LKLPayCodeTextField.m */,
				1899310721FF1A3D004FBCAB /* Common.h */,
				189930F921FF1A3D004FBCAB /* Common.m */,
			);
			name = Tools;
			path = ../../../../CyanoSDK/CyanoSDK/Tools;
			sourceTree = "<group>";
		};
		1899310221FF1A3D004FBCAB /* UITextView */ = {
			isa = PBXGroup;
			children = (
				1899310321FF1A3D004FBCAB /* UITextView+Placeholder.m */,
				1899310421FF1A3D004FBCAB /* UITextView+Placeholder.h */,
			);
			path = UITextView;
			sourceTree = "<group>";
		};
		1899310821FF1A3D004FBCAB /* ToastUtil */ = {
			isa = PBXGroup;
			children = (
				1899310921FF1A3D004FBCAB /* ToastUtil.h */,
				1899310A21FF1A3D004FBCAB /* ToastUtil.m */,
			);
			path = ToastUtil;
			sourceTree = "<group>";
		};
		1899312721FF1A51004FBCAB /* EasyShowView */ = {
			isa = PBXGroup;
			children = (
				1899312821FF1A51004FBCAB /* EasyLoadingGlobalConfig.h */,
				1899312921FF1A51004FBCAB /* EasyLoadingTypes.m */,
				1899312A21FF1A51004FBCAB /* UIView+EasyShowExt.h */,
				1899312B21FF1A51004FBCAB /* EasyEmptyPart.h */,
				1899312C21FF1A51004FBCAB /* EasyTextConfig.m */,
				1899312D21FF1A51004FBCAB /* EasyAlertTypes.m */,
				1899312E21FF1A51004FBCAB /* EasyTextView.m */,
				1899312F21FF1A51004FBCAB /* EasyAlertConfig.h */,
				1899313021FF1A51004FBCAB /* EasyEmptyConfig.m */,
				1899313121FF1A51004FBCAB /* EasyEmptyView.m */,
				1899313221FF1A51004FBCAB /* EasyTextTypes.h */,
				1899313321FF1A51004FBCAB /* EasyTextBgView.h */,
				1899313421FF1A51004FBCAB /* EasyShowUtils.m */,
				1899313521FF1A51004FBCAB /* EasyAlertPart.h */,
				1899313621FF1A51004FBCAB /* EasyEmptyTypes.h */,
				1899313721FF1A51004FBCAB /* EasyAlertGlobalConfig.h */,
				1899313821FF1A51004FBCAB /* EasyShowLabel.m */,
				1899313921FF1A51004FBCAB /* EasyEmptyGlobalConfig.h */,
				1899313A21FF1A51004FBCAB /* EasyLoadingConfig.m */,
				1899313B21FF1A51004FBCAB /* EasyAlertItem.m */,
				1899313C21FF1A51004FBCAB /* EasyAlertView.m */,
				1899313D21FF1A51004FBCAB /* EasyTextGlobalConfig.m */,
				1899313E21FF1A51004FBCAB /* EasyLoadingView.m */,
				1899313F21FF1A51004FBCAB /* EasyAlertTypes.h */,
				1899314021FF1A51004FBCAB /* EasyTextConfig.h */,
				1899314121FF1A51004FBCAB /* EasyEmptyPart.m */,
				1899314221FF1A51004FBCAB /* UIView+EasyShowExt.m */,
				1899314321FF1A51004FBCAB /* EasyLoadingTypes.h */,
				1899314421FF1A51004FBCAB /* EasyLoadingGlobalConfig.m */,
				1899314521FF1A51004FBCAB /* EasyTextBgView.m */,
				1899314621FF1A51004FBCAB /* EasyTextTypes.m */,
				1899314721FF1A51004FBCAB /* EasyEmptyView.h */,
				1899314821FF1A51004FBCAB /* EasyAlertConfig.m */,
				1899314921FF1A51004FBCAB /* EasyEmptyConfig.h */,
				1899314A21FF1A51004FBCAB /* EasyTextView.h */,
				1899314B21FF1A51004FBCAB /* EasyAlertItem.h */,
				1899314C21FF1A51004FBCAB /* EasyLoadingConfig.h */,
				1899314D21FF1A51004FBCAB /* EasyEmptyGlobalConfig.m */,
				1899314E21FF1A51004FBCAB /* EasyShowLabel.h */,
				1899314F21FF1A51004FBCAB /* EasyAlertGlobalConfig.m */,
				1899315021FF1A51004FBCAB /* EasyEmptyTypes.m */,
				1899315121FF1A51004FBCAB /* EasyShowUtils.h */,
				1899315221FF1A51004FBCAB /* EasyAlertPart.m */,
				1899315321FF1A51004FBCAB /* EasyShowView.h */,
				1899315421FF1A51004FBCAB /* EasyLoadingView.h */,
				1899315521FF1A51004FBCAB /* EasyTextGlobalConfig.h */,
				1899315621FF1A51004FBCAB /* EasyAlertView.h */,
			);
			path = EasyShowView;
			sourceTree = "<group>";
		};
		1899318621FF1AA7004FBCAB /* Third */ = {
			isa = PBXGroup;
			children = (
				1899318721FF1AA7004FBCAB /* Masonry */,
				189931A121FF1AA7004FBCAB /* IQKeyboardManager */,
				189931C421FF1AA7004FBCAB /* HUD */,
			);
			path = Third;
			sourceTree = "<group>";
		};
		1899318721FF1AA7004FBCAB /* Masonry */ = {
			isa = PBXGroup;
			children = (
				1899318821FF1AA7004FBCAB /* MASCompositeConstraint.h */,
				1899318921FF1AA7004FBCAB /* NSLayoutConstraint+MASDebugAdditions.m */,
				1899318A21FF1AA7004FBCAB /* MASConstraint+Private.h */,
				1899318B21FF1AA7004FBCAB /* MASLayoutConstraint.h */,
				1899318C21FF1AA7004FBCAB /* NSArray+MASShorthandAdditions.h */,
				1899318D21FF1AA7004FBCAB /* MASConstraintMaker.h */,
				1899318E21FF1AA7004FBCAB /* View+MASAdditions.h */,
				1899318F21FF1AA7004FBCAB /* NSArray+MASAdditions.h */,
				1899319021FF1AA7004FBCAB /* MASUtilities.h */,
				1899319121FF1AA7004FBCAB /* MASViewAttribute.h */,
				1899319221FF1AA7004FBCAB /* ViewController+MASAdditions.m */,
				1899319321FF1AA7004FBCAB /* MASViewConstraint.h */,
				1899319421FF1AA7004FBCAB /* MASConstraint.h */,
				1899319521FF1AA7004FBCAB /* NSLayoutConstraint+MASDebugAdditions.h */,
				1899319621FF1AA7004FBCAB /* MASCompositeConstraint.m */,
				1899319721FF1AA7004FBCAB /* MASConstraintMaker.m */,
				1899319821FF1AA7004FBCAB /* MASLayoutConstraint.m */,
				1899319921FF1AA7004FBCAB /* NSArray+MASAdditions.m */,
				1899319A21FF1AA7004FBCAB /* View+MASAdditions.m */,
				1899319B21FF1AA7004FBCAB /* View+MASShorthandAdditions.h */,
				1899319C21FF1AA7004FBCAB /* Masonry.h */,
				1899319D21FF1AA7004FBCAB /* MASConstraint.m */,
				1899319E21FF1AA7004FBCAB /* ViewController+MASAdditions.h */,
				1899319F21FF1AA7004FBCAB /* MASViewConstraint.m */,
				189931A021FF1AA7004FBCAB /* MASViewAttribute.m */,
			);
			path = Masonry;
			sourceTree = "<group>";
		};
		189931A121FF1AA7004FBCAB /* IQKeyboardManager */ = {
			isa = PBXGroup;
			children = (
				189931A221FF1AA7004FBCAB /* IQTextView */,
				189931A521FF1AA7004FBCAB /* IQToolbar */,
				189931B021FF1AA7004FBCAB /* Constants */,
				189931B321FF1AA7004FBCAB /* Resources */,
				189931B521FF1AA7004FBCAB /* IQKeyboardReturnKeyHandler.h */,
				189931B621FF1AA7004FBCAB /* IQKeyboardManager.h */,
				189931B721FF1AA7004FBCAB /* IQKeyboardManager.m */,
				189931B821FF1AA7004FBCAB /* Categories */,
				189931C321FF1AA7004FBCAB /* IQKeyboardReturnKeyHandler.m */,
			);
			path = IQKeyboardManager;
			sourceTree = "<group>";
		};
		189931A221FF1AA7004FBCAB /* IQTextView */ = {
			isa = PBXGroup;
			children = (
				189931A321FF1AA7004FBCAB /* IQTextView.m */,
				189931A421FF1AA7004FBCAB /* IQTextView.h */,
			);
			path = IQTextView;
			sourceTree = "<group>";
		};
		189931A521FF1AA7004FBCAB /* IQToolbar */ = {
			isa = PBXGroup;
			children = (
				189931A621FF1AA7004FBCAB /* IQUIView+IQKeyboardToolbar.h */,
				189931A721FF1AA7004FBCAB /* IQToolbar.m */,
				189931A821FF1AA7004FBCAB /* IQPreviousNextView.h */,
				189931A921FF1AA7004FBCAB /* IQTitleBarButtonItem.m */,
				189931AA21FF1AA7004FBCAB /* IQBarButtonItem.m */,
				189931AB21FF1AA7004FBCAB /* IQUIView+IQKeyboardToolbar.m */,
				189931AC21FF1AA7004FBCAB /* IQPreviousNextView.m */,
				189931AD21FF1AA7004FBCAB /* IQToolbar.h */,
				189931AE21FF1AA7004FBCAB /* IQBarButtonItem.h */,
				189931AF21FF1AA7004FBCAB /* IQTitleBarButtonItem.h */,
			);
			path = IQToolbar;
			sourceTree = "<group>";
		};
		189931B021FF1AA7004FBCAB /* Constants */ = {
			isa = PBXGroup;
			children = (
				189931B121FF1AA7004FBCAB /* IQKeyboardManagerConstantsInternal.h */,
				189931B221FF1AA7004FBCAB /* IQKeyboardManagerConstants.h */,
			);
			path = Constants;
			sourceTree = "<group>";
		};
		189931B321FF1AA7004FBCAB /* Resources */ = {
			isa = PBXGroup;
			children = (
				189931B421FF1AA7004FBCAB /* IQKeyboardManager.bundle */,
			);
			path = Resources;
			sourceTree = "<group>";
		};
		189931B821FF1AA7004FBCAB /* Categories */ = {
			isa = PBXGroup;
			children = (
				189931B921FF1AA7004FBCAB /* IQNSArray+Sort.m */,
				189931BA21FF1AA7004FBCAB /* IQUIViewController+Additions.h */,
				189931BB21FF1AA7004FBCAB /* IQUITextFieldView+Additions.m */,
				189931BC21FF1AA7004FBCAB /* IQUIScrollView+Additions.m */,
				189931BD21FF1AA7004FBCAB /* IQUIView+Hierarchy.m */,
				189931BE21FF1AA7004FBCAB /* IQNSArray+Sort.h */,
				189931BF21FF1AA7004FBCAB /* IQUIScrollView+Additions.h */,
				189931C021FF1AA7004FBCAB /* IQUITextFieldView+Additions.h */,
				189931C121FF1AA7004FBCAB /* IQUIViewController+Additions.m */,
				189931C221FF1AA7004FBCAB /* IQUIView+Hierarchy.h */,
			);
			path = Categories;
			sourceTree = "<group>";
		};
		189931C421FF1AA7004FBCAB /* HUD */ = {
			isa = PBXGroup;
			children = (
				189931C521FF1AA7004FBCAB /* ONTOMBProgressHUD.h */,
				189931C621FF1AA7004FBCAB /* ONTOMBProgressHUD.m */,
			);
			path = HUD;
			sourceTree = "<group>";
		};
		18E64EE721D732DF00976E7B = {
			isa = PBXGroup;
			children = (
				18E64EF321D732DF00976E7B /* CyanoRNWebView */,
				18E64EFE21D732DF00976E7B /* CyanoRNWebViewTests */,
				18E64EF221D732DF00976E7B /* Products */,
			);
			sourceTree = "<group>";
		};
		18E64EF221D732DF00976E7B /* Products */ = {
			isa = PBXGroup;
			children = (
				18E64EF121D732DF00976E7B /* CyanoRNWebView.framework */,
				18E64EFA21D732DF00976E7B /* CyanoRNWebViewTests.xctest */,
			);
			name = Products;
			sourceTree = "<group>";
		};
		18E64EF321D732DF00976E7B /* CyanoRNWebView */ = {
			isa = PBXGroup;
			children = (
				18E64EF421D732DF00976E7B /* CyanoRNWebView.h */,
				189930D321FF19FF004FBCAB /* ONT ID */,
				189930D221FF19BF004FBCAB /* Webview */,
				18E64EF521D732DF00976E7B /* Info.plist */,
			);
			path = CyanoRNWebView;
			sourceTree = "<group>";
		};
		18E64EFE21D732DF00976E7B /* CyanoRNWebViewTests */ = {
			isa = PBXGroup;
			children = (
				18E64EFF21D732DF00976E7B /* CyanoRNWebViewTests.m */,
				18E64F0121D732DF00976E7B /* Info.plist */,
			);
			path = CyanoRNWebViewTests;
			sourceTree = "<group>";
		};
/* End PBXGroup section */

/* Begin PBXHeadersBuildPhase section */
		18E64EEC21D732DF00976E7B /* Headers */ = {
			isa = PBXHeadersBuildPhase;
			buildActionMask = 2147483647;
			files = (
				189930F221FF1A16004FBCAB /* ONTOBaseViewController.h in Headers */,
				189930F121FF1A16004FBCAB /* ONTIdPreViewController.h in Headers */,
				189931DB21FF1AA7004FBCAB /* Masonry.h in Headers */,
				189931E421FF1AA7004FBCAB /* IQPreviousNextView.h in Headers */,
				189930E721FF1A16004FBCAB /* ONTOSDKViewController.h in Headers */,
				1899311E21FF1A3D004FBCAB /* Common.h in Headers */,
				189930EB21FF1A16004FBCAB /* ONTOAuthSDKViewController.h in Headers */,
				189931C921FF1AA7004FBCAB /* MASConstraint+Private.h in Headers */,
				189930EF21FF1A16004FBCAB /* ONTIdExportViewController.h in Headers */,
				189930EA21FF1A16004FBCAB /* ONTIdViewController.h in Headers */,
				1899316421FF1A51004FBCAB /* EasyAlertPart.h in Headers */,
				189931EB21FF1AA7004FBCAB /* IQTitleBarButtonItem.h in Headers */,
				189931D021FF1AA7004FBCAB /* MASViewAttribute.h in Headers */,
				1899317B21FF1A51004FBCAB /* EasyLoadingConfig.h in Headers */,
				189931F721FF1AA7004FBCAB /* IQNSArray+Sort.h in Headers */,
				1899316E21FF1A51004FBCAB /* EasyAlertTypes.h in Headers */,
				189931EA21FF1AA7004FBCAB /* IQBarButtonItem.h in Headers */,
				189931FD21FF1AA7004FBCAB /* ONTOMBProgressHUD.h in Headers */,
				1899317A21FF1A51004FBCAB /* EasyAlertItem.h in Headers */,
				189931D221FF1AA7004FBCAB /* MASViewConstraint.h in Headers */,
				189931E121FF1AA7004FBCAB /* IQTextView.h in Headers */,
				189931E921FF1AA7004FBCAB /* IQToolbar.h in Headers */,
				189931F821FF1AA7004FBCAB /* IQUIScrollView+Additions.h in Headers */,
				1899317821FF1A51004FBCAB /* EasyEmptyConfig.h in Headers */,
				1899311321FF1A3D004FBCAB /* PasswordSheet.h in Headers */,
				189931CD21FF1AA7004FBCAB /* View+MASAdditions.h in Headers */,
				1899318221FF1A51004FBCAB /* EasyShowView.h in Headers */,
				189931DA21FF1AA7004FBCAB /* View+MASShorthandAdditions.h in Headers */,
				189931FB21FF1AA7004FBCAB /* IQUIView+Hierarchy.h in Headers */,
				1899316121FF1A51004FBCAB /* EasyTextTypes.h in Headers */,
				1899316521FF1A51004FBCAB /* EasyEmptyTypes.h in Headers */,
				1899312521FF1A3D004FBCAB /* NSString+Blank.h in Headers */,
				1899317621FF1A51004FBCAB /* EasyEmptyView.h in Headers */,
				1899312421FF1A3D004FBCAB /* BrowserView.h in Headers */,
				189931EC21FF1AA7004FBCAB /* IQKeyboardManagerConstantsInternal.h in Headers */,
				1899312121FF1A3D004FBCAB /* LKLPayCodeCollectionViewCell.h in Headers */,
				1899318321FF1A51004FBCAB /* EasyLoadingView.h in Headers */,
				1899315E21FF1A51004FBCAB /* EasyAlertConfig.h in Headers */,
				189931CB21FF1AA7004FBCAB /* NSArray+MASShorthandAdditions.h in Headers */,
				1899316821FF1A51004FBCAB /* EasyEmptyGlobalConfig.h in Headers */,
				189931D421FF1AA7004FBCAB /* NSLayoutConstraint+MASDebugAdditions.h in Headers */,
				1899312321FF1A3D004FBCAB /* UILabel+changeSpace.h in Headers */,
				189931F021FF1AA7004FBCAB /* IQKeyboardManager.h in Headers */,
				1899317221FF1A51004FBCAB /* EasyLoadingTypes.h in Headers */,
				1899312621FF1A3D004FBCAB /* LKLForbidPasteTextField.h in Headers */,
				189931ED21FF1AA7004FBCAB /* IQKeyboardManagerConstants.h in Headers */,
				189931F921FF1AA7004FBCAB /* IQUITextFieldView+Additions.h in Headers */,
				1899311B21FF1A3D004FBCAB /* UITextView+Placeholder.h in Headers */,
				1899318521FF1A51004FBCAB /* EasyAlertView.h in Headers */,
				1899317921FF1A51004FBCAB /* EasyTextView.h in Headers */,
				1899318021FF1A51004FBCAB /* EasyShowUtils.h in Headers */,
				189931E221FF1AA7004FBCAB /* IQUIView+IQKeyboardToolbar.h in Headers */,
				189930EC21FF1A16004FBCAB /* ONTOWebViewController.h in Headers */,
				1899317D21FF1A51004FBCAB /* EasyShowLabel.h in Headers */,
				1899315921FF1A51004FBCAB /* UIView+EasyShowExt.h in Headers */,
				189931CA21FF1AA7004FBCAB /* MASLayoutConstraint.h in Headers */,
				1899315A21FF1A51004FBCAB /* EasyEmptyPart.h in Headers */,
				189931EF21FF1AA7004FBCAB /* IQKeyboardReturnKeyHandler.h in Headers */,
				1899318421FF1A51004FBCAB /* EasyTextGlobalConfig.h in Headers */,
				189931DD21FF1AA7004FBCAB /* ViewController+MASAdditions.h in Headers */,
				189931F321FF1AA7004FBCAB /* IQUIViewController+Additions.h in Headers */,
				1899315721FF1A51004FBCAB /* EasyLoadingGlobalConfig.h in Headers */,
				189931CC21FF1AA7004FBCAB /* MASConstraintMaker.h in Headers */,
				18E64F0221D732DF00976E7B /* CyanoRNWebView.h in Headers */,
				1899316221FF1A51004FBCAB /* EasyTextBgView.h in Headers */,
				189931CF21FF1AA7004FBCAB /* MASUtilities.h in Headers */,
				1899311F21FF1A3D004FBCAB /* ToastUtil.h in Headers */,
				1899316F21FF1A51004FBCAB /* EasyTextConfig.h in Headers */,
				189930ED21FF1A16004FBCAB /* ONTIdImportViewController.h in Headers */,
				1899311D21FF1A3D004FBCAB /* LKLPayCodeTextField.h in Headers */,
				1899316621FF1A51004FBCAB /* EasyAlertGlobalConfig.h in Headers */,
				189931D321FF1AA7004FBCAB /* MASConstraint.h in Headers */,
				18E64F0D21D732FA00976E7B /* RNJsWebView.h in Headers */,
				1899311621FF1A3D004FBCAB /* ONTIdWebView.h in Headers */,
				189931C721FF1AA7004FBCAB /* MASCompositeConstraint.h in Headers */,
				189931CE21FF1AA7004FBCAB /* NSArray+MASAdditions.h in Headers */,
			);
			runOnlyForDeploymentPostprocessing = 0;
		};
/* End PBXHeadersBuildPhase section */

/* Begin PBXNativeTarget section */
		18E64EF021D732DF00976E7B /* CyanoRNWebView */ = {
			isa = PBXNativeTarget;
			buildConfigurationList = 18E64F0521D732DF00976E7B /* Build configuration list for PBXNativeTarget "CyanoRNWebView" */;
			buildPhases = (
				18E64EEC21D732DF00976E7B /* Headers */,
				18E64EED21D732DF00976E7B /* Sources */,
				18E64EEE21D732DF00976E7B /* Frameworks */,
				18E64EEF21D732DF00976E7B /* Resources */,
			);
			buildRules = (
			);
			dependencies = (
			);
			name = CyanoRNWebView;
			productName = CyanoRNWebView;
			productReference = 18E64EF121D732DF00976E7B /* CyanoRNWebView.framework */;
			productType = "com.apple.product-type.framework";
		};
		18E64EF921D732DF00976E7B /* CyanoRNWebViewTests */ = {
			isa = PBXNativeTarget;
			buildConfigurationList = 18E64F0821D732DF00976E7B /* Build configuration list for PBXNativeTarget "CyanoRNWebViewTests" */;
			buildPhases = (
				18E64EF621D732DF00976E7B /* Sources */,
				18E64EF721D732DF00976E7B /* Frameworks */,
				18E64EF821D732DF00976E7B /* Resources */,
			);
			buildRules = (
			);
			dependencies = (
				18E64EFD21D732DF00976E7B /* PBXTargetDependency */,
			);
			name = CyanoRNWebViewTests;
			productName = CyanoRNWebViewTests;
			productReference = 18E64EFA21D732DF00976E7B /* CyanoRNWebViewTests.xctest */;
			productType = "com.apple.product-type.bundle.unit-test";
		};
/* End PBXNativeTarget section */

/* Begin PBXProject section */
		18E64EE821D732DF00976E7B /* Project object */ = {
			isa = PBXProject;
			attributes = {
				LastUpgradeCheck = 1010;
				ORGANIZATIONNAME = LR;
				TargetAttributes = {
					18E64EF021D732DF00976E7B = {
						CreatedOnToolsVersion = 10.1;
					};
					18E64EF921D732DF00976E7B = {
						CreatedOnToolsVersion = 10.1;
					};
					18E64F0F21D7340100976E7B = {
						CreatedOnToolsVersion = 10.1;
					};
				};
			};
			buildConfigurationList = 18E64EEB21D732DF00976E7B /* Build configuration list for PBXProject "CyanoRNWebView" */;
			compatibilityVersion = "Xcode 9.3";
			developmentRegion = en;
			hasScannedForEncodings = 0;
			knownRegions = (
				en,
			);
			mainGroup = 18E64EE721D732DF00976E7B;
			productRefGroup = 18E64EF221D732DF00976E7B /* Products */;
			projectDirPath = "";
			projectRoot = "";
			targets = (
				18E64EF021D732DF00976E7B /* CyanoRNWebView */,
				18E64EF921D732DF00976E7B /* CyanoRNWebViewTests */,
				18E64F0F21D7340100976E7B /* CombineFramework */,
			);
		};
/* End PBXProject section */

/* Begin PBXResourcesBuildPhase section */
		18E64EEF21D732DF00976E7B /* Resources */ = {
			isa = PBXResourcesBuildPhase;
			buildActionMask = 2147483647;
			files = (
				189930F521FF1A26004FBCAB /* cyano.bundle in Resources */,
				189930F721FF1A30004FBCAB /* js in Resources */,
				189931EE21FF1AA7004FBCAB /* IQKeyboardManager.bundle in Resources */,
			);
			runOnlyForDeploymentPostprocessing = 0;
		};
		18E64EF821D732DF00976E7B /* Resources */ = {
			isa = PBXResourcesBuildPhase;
			buildActionMask = 2147483647;
			files = (
			);
			runOnlyForDeploymentPostprocessing = 0;
		};
/* End PBXResourcesBuildPhase section */

/* Begin PBXShellScriptBuildPhase section */
		18E64F1321D7340800976E7B /* ShellScript */ = {
			isa = PBXShellScriptBuildPhase;
			buildActionMask = 2147483647;
			files = (
			);
			inputFileListPaths = (
			);
			inputPaths = (
			);
			outputFileListPaths = (
			);
			outputPaths = (
			);
			runOnlyForDeploymentPostprocessing = 0;
			shellPath = /bin/sh;
			shellScript = "if [ \"${ACTION}\" = \"build\" ]\nthen\nINSTALL_DIR=${SRCROOT}/Products/${PROJECT_NAME}.framework\n\nDEVICE_DIR=${BUILD_ROOT}/${CONFIGURATION}-iphoneos/${PROJECT_NAME}.framework\n\nSIMULATOR_DIR=${BUILD_ROOT}/${CONFIGURATION}-iphonesimulator/${PROJECT_NAME}.framework\n\n\nif [ -d \"${INSTALL_DIR}\" ]\nthen\nrm -rf \"${INSTALL_DIR}\"\nfi\n\nmkdir -p \"${INSTALL_DIR}\"\n\ncp -R \"${DEVICE_DIR}/\" \"${INSTALL_DIR}/\"\n#ditto \"${DEVICE_DIR}/Headers\" \"${INSTALL_DIR}/Headers\"\n\n# 使用lipo命令将其合并成一个通用framework  \n# 最后将生成的通用framework放置在工程根目录下新建的Products目录下  \nlipo -create \"${DEVICE_DIR}/${PROJECT_NAME}\" \"${SIMULATOR_DIR}/${PROJECT_NAME}\" -output \"${INSTALL_DIR}/${PROJECT_NAME}\"\n\n#open \"${DEVICE_DIR}\"\n#open \"${SRCROOT}/Products\"\nfi\n";
		};
/* End PBXShellScriptBuildPhase section */

/* Begin PBXSourcesBuildPhase section */
		18E64EED21D732DF00976E7B /* Sources */ = {
			isa = PBXSourcesBuildPhase;
			buildActionMask = 2147483647;
			files = (
				189931F121FF1AA7004FBCAB /* IQKeyboardManager.m in Sources */,
				189931FA21FF1AA7004FBCAB /* IQUIViewController+Additions.m in Sources */,
				189931D821FF1AA7004FBCAB /* NSArray+MASAdditions.m in Sources */,
				189930E521FF1A16004FBCAB /* ONTOBaseViewController.m in Sources */,
				1899317121FF1A51004FBCAB /* UIView+EasyShowExt.m in Sources */,
				1899317521FF1A51004FBCAB /* EasyTextTypes.m in Sources */,
				189930F321FF1A16004FBCAB /* ONTOAuthSDKViewController.m in Sources */,
				189931D721FF1AA7004FBCAB /* MASLayoutConstraint.m in Sources */,
				1899317321FF1A51004FBCAB /* EasyLoadingGlobalConfig.m in Sources */,
				189931E021FF1AA7004FBCAB /* IQTextView.m in Sources */,
				1899315C21FF1A51004FBCAB /* EasyAlertTypes.m in Sources */,
				189931D921FF1AA7004FBCAB /* View+MASAdditions.m in Sources */,
				1899311721FF1A3D004FBCAB /* LKLPayCodeCollectionViewCell.m in Sources */,
				189931FC21FF1AA7004FBCAB /* IQKeyboardReturnKeyHandler.m in Sources */,
				189931F621FF1AA7004FBCAB /* IQUIView+Hierarchy.m in Sources */,
				1899311921FF1A3D004FBCAB /* LKLForbidPasteTextField.m in Sources */,
				189931F221FF1AA7004FBCAB /* IQNSArray+Sort.m in Sources */,
				1899311121FF1A3D004FBCAB /* Common.m in Sources */,
				189931D621FF1AA7004FBCAB /* MASConstraintMaker.m in Sources */,
				1899311A21FF1A3D004FBCAB /* UITextView+Placeholder.m in Sources */,
				1899316321FF1A51004FBCAB /* EasyShowUtils.m in Sources */,
				189931C821FF1AA7004FBCAB /* NSLayoutConstraint+MASDebugAdditions.m in Sources */,
				189931E721FF1AA7004FBCAB /* IQUIView+IQKeyboardToolbar.m in Sources */,
				189930E421FF1A16004FBCAB /* ONTIdImportViewController.m in Sources */,
				1899316A21FF1A51004FBCAB /* EasyAlertItem.m in Sources */,
				1899311821FF1A3D004FBCAB /* NSString+Blank.m in Sources */,
				189931FE21FF1AA7004FBCAB /* ONTOMBProgressHUD.m in Sources */,
				1899318121FF1A51004FBCAB /* EasyAlertPart.m in Sources */,
				1899317E21FF1A51004FBCAB /* EasyAlertGlobalConfig.m in Sources */,
				1899312021FF1A3D004FBCAB /* ToastUtil.m in Sources */,
				1899317721FF1A51004FBCAB /* EasyAlertConfig.m in Sources */,
				189931DF21FF1AA7004FBCAB /* MASViewAttribute.m in Sources */,
				189931E321FF1AA7004FBCAB /* IQToolbar.m in Sources */,
				1899311521FF1A3D004FBCAB /* UILabel+changeSpace.m in Sources */,
				1899315B21FF1A51004FBCAB /* EasyTextConfig.m in Sources */,
				18E64F0E21D732FA00976E7B /* RNJsWebView.m in Sources */,
				189931E521FF1AA7004FBCAB /* IQTitleBarButtonItem.m in Sources */,
				1899316C21FF1A51004FBCAB /* EasyTextGlobalConfig.m in Sources */,
				189930E821FF1A16004FBCAB /* ONTIdPreViewController.m in Sources */,
				189931D521FF1AA7004FBCAB /* MASCompositeConstraint.m in Sources */,
				1899312221FF1A3D004FBCAB /* ONTIdWebView.m in Sources */,
				189931F521FF1AA7004FBCAB /* IQUIScrollView+Additions.m in Sources */,
				189930E621FF1A16004FBCAB /* ONTOSDKViewController.m in Sources */,
				189930E921FF1A16004FBCAB /* ONTIdExportViewController.m in Sources */,
				189931DC21FF1AA7004FBCAB /* MASConstraint.m in Sources */,
				1899317F21FF1A51004FBCAB /* EasyEmptyTypes.m in Sources */,
				189931E621FF1AA7004FBCAB /* IQBarButtonItem.m in Sources */,
				1899317021FF1A51004FBCAB /* EasyEmptyPart.m in Sources */,
				189930EE21FF1A16004FBCAB /* ONTIdViewController.m in Sources */,
				189931F421FF1AA7004FBCAB /* IQUITextFieldView+Additions.m in Sources */,
				1899317C21FF1A51004FBCAB /* EasyEmptyGlobalConfig.m in Sources */,
				1899316021FF1A51004FBCAB /* EasyEmptyView.m in Sources */,
				1899311C21FF1A3D004FBCAB /* PasswordSheet.m in Sources */,
				189931DE21FF1AA7004FBCAB /* MASViewConstraint.m in Sources */,
				1899316921FF1A51004FBCAB /* EasyLoadingConfig.m in Sources */,
				1899316721FF1A51004FBCAB /* EasyShowLabel.m in Sources */,
				1899315D21FF1A51004FBCAB /* EasyTextView.m in Sources */,
				1899316D21FF1A51004FBCAB /* EasyLoadingView.m in Sources */,
				189930F021FF1A16004FBCAB /* ONTOWebViewController.m in Sources */,
				1899311221FF1A3D004FBCAB /* LKLPayCodeTextField.m in Sources */,
				1899315821FF1A51004FBCAB /* EasyLoadingTypes.m in Sources */,
				1899311421FF1A3D004FBCAB /* BrowserView.m in Sources */,
				189931D121FF1AA7004FBCAB /* ViewController+MASAdditions.m in Sources */,
				1899315F21FF1A51004FBCAB /* EasyEmptyConfig.m in Sources */,
				1899316B21FF1A51004FBCAB /* EasyAlertView.m in Sources */,
				189931E821FF1AA7004FBCAB /* IQPreviousNextView.m in Sources */,
				1899317421FF1A51004FBCAB /* EasyTextBgView.m in Sources */,
			);
			runOnlyForDeploymentPostprocessing = 0;
		};
		18E64EF621D732DF00976E7B /* Sources */ = {
			isa = PBXSourcesBuildPhase;
			buildActionMask = 2147483647;
			files = (
				18E64F0021D732DF00976E7B /* CyanoRNWebViewTests.m in Sources */,
			);
			runOnlyForDeploymentPostprocessing = 0;
		};
/* End PBXSourcesBuildPhase section */

/* Begin PBXTargetDependency section */
		18E64EFD21D732DF00976E7B /* PBXTargetDependency */ = {
			isa = PBXTargetDependency;
			target = 18E64EF021D732DF00976E7B /* CyanoRNWebView */;
			targetProxy = 18E64EFC21D732DF00976E7B /* PBXContainerItemProxy */;
		};
/* End PBXTargetDependency section */

/* Begin XCBuildConfiguration section */
		18E64F0321D732DF00976E7B /* Debug */ = {
			isa = XCBuildConfiguration;
			buildSettings = {
				ALWAYS_SEARCH_USER_PATHS = NO;
				CLANG_ANALYZER_NONNULL = YES;
				CLANG_ANALYZER_NUMBER_OBJECT_CONVERSION = YES_AGGRESSIVE;
				CLANG_CXX_LANGUAGE_STANDARD = "gnu++14";
				CLANG_CXX_LIBRARY = "libc++";
				CLANG_ENABLE_MODULES = YES;
				CLANG_ENABLE_OBJC_ARC = YES;
				CLANG_ENABLE_OBJC_WEAK = YES;
				CLANG_WARN_BLOCK_CAPTURE_AUTORELEASING = YES;
				CLANG_WARN_BOOL_CONVERSION = YES;
				CLANG_WARN_COMMA = YES;
				CLANG_WARN_CONSTANT_CONVERSION = YES;
				CLANG_WARN_DEPRECATED_OBJC_IMPLEMENTATIONS = YES;
				CLANG_WARN_DIRECT_OBJC_ISA_USAGE = YES_ERROR;
				CLANG_WARN_DOCUMENTATION_COMMENTS = YES;
				CLANG_WARN_EMPTY_BODY = YES;
				CLANG_WARN_ENUM_CONVERSION = YES;
				CLANG_WARN_INFINITE_RECURSION = YES;
				CLANG_WARN_INT_CONVERSION = YES;
				CLANG_WARN_NON_LITERAL_NULL_CONVERSION = YES;
				CLANG_WARN_OBJC_IMPLICIT_RETAIN_SELF = YES;
				CLANG_WARN_OBJC_LITERAL_CONVERSION = YES;
				CLANG_WARN_OBJC_ROOT_CLASS = YES_ERROR;
				CLANG_WARN_RANGE_LOOP_ANALYSIS = YES;
				CLANG_WARN_STRICT_PROTOTYPES = YES;
				CLANG_WARN_SUSPICIOUS_MOVE = YES;
				CLANG_WARN_UNGUARDED_AVAILABILITY = YES_AGGRESSIVE;
				CLANG_WARN_UNREACHABLE_CODE = YES;
				CLANG_WARN__DUPLICATE_METHOD_MATCH = YES;
				CODE_SIGN_IDENTITY = "iPhone Developer";
				COPY_PHASE_STRIP = NO;
				CURRENT_PROJECT_VERSION = 1;
				DEBUG_INFORMATION_FORMAT = dwarf;
				ENABLE_STRICT_OBJC_MSGSEND = YES;
				ENABLE_TESTABILITY = YES;
				GCC_C_LANGUAGE_STANDARD = gnu11;
				GCC_DYNAMIC_NO_PIC = NO;
				GCC_NO_COMMON_BLOCKS = YES;
				GCC_OPTIMIZATION_LEVEL = 0;
				GCC_PREPROCESSOR_DEFINITIONS = (
					"DEBUG=1",
					"$(inherited)",
				);
				GCC_WARN_64_TO_32_BIT_CONVERSION = YES;
				GCC_WARN_ABOUT_RETURN_TYPE = YES_ERROR;
				GCC_WARN_UNDECLARED_SELECTOR = YES;
				GCC_WARN_UNINITIALIZED_AUTOS = YES_AGGRESSIVE;
				GCC_WARN_UNUSED_FUNCTION = YES;
				GCC_WARN_UNUSED_VARIABLE = YES;
				IPHONEOS_DEPLOYMENT_TARGET = 12.1;
				MTL_ENABLE_DEBUG_INFO = INCLUDE_SOURCE;
				MTL_FAST_MATH = YES;
				ONLY_ACTIVE_ARCH = YES;
				SDKROOT = iphoneos;
				VERSIONING_SYSTEM = "apple-generic";
				VERSION_INFO_PREFIX = "";
			};
			name = Debug;
		};
		18E64F0421D732DF00976E7B /* Release */ = {
			isa = XCBuildConfiguration;
			buildSettings = {
				ALWAYS_SEARCH_USER_PATHS = NO;
				CLANG_ANALYZER_NONNULL = YES;
				CLANG_ANALYZER_NUMBER_OBJECT_CONVERSION = YES_AGGRESSIVE;
				CLANG_CXX_LANGUAGE_STANDARD = "gnu++14";
				CLANG_CXX_LIBRARY = "libc++";
				CLANG_ENABLE_MODULES = YES;
				CLANG_ENABLE_OBJC_ARC = YES;
				CLANG_ENABLE_OBJC_WEAK = YES;
				CLANG_WARN_BLOCK_CAPTURE_AUTORELEASING = YES;
				CLANG_WARN_BOOL_CONVERSION = YES;
				CLANG_WARN_COMMA = YES;
				CLANG_WARN_CONSTANT_CONVERSION = YES;
				CLANG_WARN_DEPRECATED_OBJC_IMPLEMENTATIONS = YES;
				CLANG_WARN_DIRECT_OBJC_ISA_USAGE = YES_ERROR;
				CLANG_WARN_DOCUMENTATION_COMMENTS = YES;
				CLANG_WARN_EMPTY_BODY = YES;
				CLANG_WARN_ENUM_CONVERSION = YES;
				CLANG_WARN_INFINITE_RECURSION = YES;
				CLANG_WARN_INT_CONVERSION = YES;
				CLANG_WARN_NON_LITERAL_NULL_CONVERSION = YES;
				CLANG_WARN_OBJC_IMPLICIT_RETAIN_SELF = YES;
				CLANG_WARN_OBJC_LITERAL_CONVERSION = YES;
				CLANG_WARN_OBJC_ROOT_CLASS = YES_ERROR;
				CLANG_WARN_RANGE_LOOP_ANALYSIS = YES;
				CLANG_WARN_STRICT_PROTOTYPES = YES;
				CLANG_WARN_SUSPICIOUS_MOVE = YES;
				CLANG_WARN_UNGUARDED_AVAILABILITY = YES_AGGRESSIVE;
				CLANG_WARN_UNREACHABLE_CODE = YES;
				CLANG_WARN__DUPLICATE_METHOD_MATCH = YES;
				CODE_SIGN_IDENTITY = "iPhone Developer";
				COPY_PHASE_STRIP = NO;
				CURRENT_PROJECT_VERSION = 1;
				DEBUG_INFORMATION_FORMAT = "dwarf-with-dsym";
				ENABLE_NS_ASSERTIONS = NO;
				ENABLE_STRICT_OBJC_MSGSEND = YES;
				GCC_C_LANGUAGE_STANDARD = gnu11;
				GCC_NO_COMMON_BLOCKS = YES;
				GCC_WARN_64_TO_32_BIT_CONVERSION = YES;
				GCC_WARN_ABOUT_RETURN_TYPE = YES_ERROR;
				GCC_WARN_UNDECLARED_SELECTOR = YES;
				GCC_WARN_UNINITIALIZED_AUTOS = YES_AGGRESSIVE;
				GCC_WARN_UNUSED_FUNCTION = YES;
				GCC_WARN_UNUSED_VARIABLE = YES;
				IPHONEOS_DEPLOYMENT_TARGET = 12.1;
				MTL_ENABLE_DEBUG_INFO = NO;
				MTL_FAST_MATH = YES;
				SDKROOT = iphoneos;
				VALIDATE_PRODUCT = YES;
				VERSIONING_SYSTEM = "apple-generic";
				VERSION_INFO_PREFIX = "";
			};
			name = Release;
		};
		18E64F0621D732DF00976E7B /* Debug */ = {
			isa = XCBuildConfiguration;
			buildSettings = {
				CODE_SIGN_IDENTITY = "";
				CODE_SIGN_STYLE = Automatic;
				DEFINES_MODULE = YES;
				DEVELOPMENT_TEAM = 6B83RQ97AA;
				DYLIB_COMPATIBILITY_VERSION = 1;
				DYLIB_CURRENT_VERSION = 1;
				DYLIB_INSTALL_NAME_BASE = "@rpath";
				INFOPLIST_FILE = CyanoRNWebView/Info.plist;
				INSTALL_PATH = "$(LOCAL_LIBRARY_DIR)/Frameworks";
				LD_RUNPATH_SEARCH_PATHS = (
					"$(inherited)",
					"@executable_path/Frameworks",
					"@loader_path/Frameworks",
				);
				MACH_O_TYPE = staticlib;
				OTHER_LDFLAGS = "-ObjC";
				PRODUCT_BUNDLE_IDENTIFIER = LR.CyanoRNWebView;
				PRODUCT_NAME = "$(TARGET_NAME:c99extidentifier)";
				SKIP_INSTALL = YES;
				TARGETED_DEVICE_FAMILY = "1,2";
			};
			name = Debug;
		};
		18E64F0721D732DF00976E7B /* Release */ = {
			isa = XCBuildConfiguration;
			buildSettings = {
				CODE_SIGN_IDENTITY = "";
				CODE_SIGN_STYLE = Automatic;
				DEFINES_MODULE = YES;
				DEVELOPMENT_TEAM = 6B83RQ97AA;
				DYLIB_COMPATIBILITY_VERSION = 1;
				DYLIB_CURRENT_VERSION = 1;
				DYLIB_INSTALL_NAME_BASE = "@rpath";
				INFOPLIST_FILE = CyanoRNWebView/Info.plist;
				INSTALL_PATH = "$(LOCAL_LIBRARY_DIR)/Frameworks";
				LD_RUNPATH_SEARCH_PATHS = (
					"$(inherited)",
					"@executable_path/Frameworks",
					"@loader_path/Frameworks",
				);
				MACH_O_TYPE = staticlib;
				OTHER_LDFLAGS = "-ObjC";
				PRODUCT_BUNDLE_IDENTIFIER = LR.CyanoRNWebView;
				PRODUCT_NAME = "$(TARGET_NAME:c99extidentifier)";
				SKIP_INSTALL = YES;
				TARGETED_DEVICE_FAMILY = "1,2";
			};
			name = Release;
		};
		18E64F0921D732DF00976E7B /* Debug */ = {
			isa = XCBuildConfiguration;
			buildSettings = {
				CODE_SIGN_STYLE = Automatic;
				DEVELOPMENT_TEAM = 6B83RQ97AA;
				INFOPLIST_FILE = CyanoRNWebViewTests/Info.plist;
				LD_RUNPATH_SEARCH_PATHS = (
					"$(inherited)",
					"@executable_path/Frameworks",
					"@loader_path/Frameworks",
				);
				PRODUCT_BUNDLE_IDENTIFIER = LR.CyanoRNWebViewTests;
				PRODUCT_NAME = "$(TARGET_NAME)";
				TARGETED_DEVICE_FAMILY = "1,2";
			};
			name = Debug;
		};
		18E64F0A21D732DF00976E7B /* Release */ = {
			isa = XCBuildConfiguration;
			buildSettings = {
				CODE_SIGN_STYLE = Automatic;
				DEVELOPMENT_TEAM = 6B83RQ97AA;
				INFOPLIST_FILE = CyanoRNWebViewTests/Info.plist;
				LD_RUNPATH_SEARCH_PATHS = (
					"$(inherited)",
					"@executable_path/Frameworks",
					"@loader_path/Frameworks",
				);
				PRODUCT_BUNDLE_IDENTIFIER = LR.CyanoRNWebViewTests;
				PRODUCT_NAME = "$(TARGET_NAME)";
				TARGETED_DEVICE_FAMILY = "1,2";
			};
			name = Release;
		};
		18E64F1121D7340200976E7B /* Debug */ = {
			isa = XCBuildConfiguration;
			buildSettings = {
				CODE_SIGN_STYLE = Automatic;
				DEVELOPMENT_TEAM = 6B83RQ97AA;
				PRODUCT_NAME = "$(TARGET_NAME)";
			};
			name = Debug;
		};
		18E64F1221D7340200976E7B /* Release */ = {
			isa = XCBuildConfiguration;
			buildSettings = {
				CODE_SIGN_STYLE = Automatic;
				DEVELOPMENT_TEAM = 6B83RQ97AA;
				PRODUCT_NAME = "$(TARGET_NAME)";
			};
			name = Release;
		};
/* End XCBuildConfiguration section */

/* Begin XCConfigurationList section */
		18E64EEB21D732DF00976E7B /* Build configuration list for PBXProject "CyanoRNWebView" */ = {
			isa = XCConfigurationList;
			buildConfigurations = (
				18E64F0321D732DF00976E7B /* Debug */,
				18E64F0421D732DF00976E7B /* Release */,
			);
			defaultConfigurationIsVisible = 0;
			defaultConfigurationName = Release;
		};
		18E64F0521D732DF00976E7B /* Build configuration list for PBXNativeTarget "CyanoRNWebView" */ = {
			isa = XCConfigurationList;
			buildConfigurations = (
				18E64F0621D732DF00976E7B /* Debug */,
				18E64F0721D732DF00976E7B /* Release */,
			);
			defaultConfigurationIsVisible = 0;
			defaultConfigurationName = Release;
		};
		18E64F0821D732DF00976E7B /* Build configuration list for PBXNativeTarget "CyanoRNWebViewTests" */ = {
			isa = XCConfigurationList;
			buildConfigurations = (
				18E64F0921D732DF00976E7B /* Debug */,
				18E64F0A21D732DF00976E7B /* Release */,
			);
			defaultConfigurationIsVisible = 0;
			defaultConfigurationName = Release;
		};
		18E64F1021D7340200976E7B /* Build configuration list for PBXAggregateTarget "CombineFramework" */ = {
			isa = XCConfigurationList;
			buildConfigurations = (
				18E64F1121D7340200976E7B /* Debug */,
				18E64F1221D7340200976E7B /* Release */,
			);
			defaultConfigurationIsVisible = 0;
			defaultConfigurationName = Release;
		};
/* End XCConfigurationList section */
	};
	rootObject = 18E64EE821D732DF00976E7B /* Project object */;
}
